
Microsoft Visual Studio Solution File, Format Version 12.00
# Visual Studio 15
VisualStudioVersion = 15.0.28307.902
MinimumVisualStudioVersion = 10.0.40219.1
Project("{9A19103F-16F7-4668-BE54-9A1E7A4F7556}") = "Company.WebApi.Core", "Company.WebApi.Core\Company.WebApi.Core.csproj", "{E059AAC7-6397-4F69-9E80-B3B283CF73E3}"
EndProject
Project("{9A19103F-16F7-4668-BE54-9A1E7A4F7556}") = "Company.Security", "Company\Company.Security\Company.Security.csproj", "{6C0E395C-CB24-4664-A2C2-7591A88A6815}"
EndProject
Project("{9A19103F-16F7-4668-BE54-9A1E7A4F7556}") = "Company.Utils", "Company\Company.Utils\Company.Utils.csproj", "{8E75D9B1-EF01-400E-9819-0E7729F11EA3}"
EndProject
Project("{9A19103F-16F7-4668-BE54-9A1E7A4F7556}") = "Company.HttpClient", "Company\Company.HttpClient\Company.HttpClient.csproj", "{44EB864D-4403-46CE-9509-1CE43D74EC1C}"
EndProject
Project("{9A19103F-16F7-4668-BE54-9A1E7A4F7556}") = "Company.Logging", "Company\Company.Logging\Company.Logging.csproj", "{A14ECF9B-A18A-41A6-9E9C-A61B13BE39C6}"
EndProject
Project("{9A19103F-16F7-4668-BE54-9A1E7A4F7556}") = "Company.WebApi.Core.DefaultConfiguration", "Company.WebApi.Core.DefaultConfiguration\Company.WebApi.Core.DefaultConfiguration.csproj", "{368F8079-C8AC-4B15-A8A5-1F339466C0F5}"
EndProject
Project("{2150E333-8FDC-42A3-9474-1A3956D46DE8}") = "Solution Items", "Solution Items", "{8FD28736-0084-40C3-B16D-FEFF8175F06D}"
	ProjectSection(SolutionItems) = preProject
		Readme.md = Readme.md
	EndProjectSection
EndProject
Project("{2150E333-8FDC-42A3-9474-1A3956D46DE8}") = "WebApi", "WebApi", "{D126048F-5089-402A-8BB6-795C96E9F838}"
EndProject
Project("{9A19103F-16F7-4668-BE54-9A1E7A4F7556}") = "Company.Security.Jwt", "Company.Security.Jwt\Company.Security.Jwt.csproj", "{EAB54927-220F-4A72-8CF9-6B603A7DDF90}"
EndProject
Project("{9A19103F-16F7-4668-BE54-9A1E7A4F7556}") = "Company.WebApi.Core.DefaultConfiguration.Tests", "Company.WebApi.Core.DefaultConfiguration.Tests\Company.WebApi.Core.DefaultConfiguration.Tests.csproj", "{453D41B0-52AA-41E9-ACF4-9D663BA4B8AD}"
EndProject
Project("{9A19103F-16F7-4668-BE54-9A1E7A4F7556}") = "Company.Diagnostic.Core", "Company.Diagnostic.Core\Company.Diagnostic.Core.csproj", "{6F1F1582-28CD-4B9D-BC0C-E73F06EA6FCC}"
EndProject
Project("{9A19103F-16F7-4668-BE54-9A1E7A4F7556}") = "Company.WebApi.Core.DefaultHttpSysRunner", "Company.WebApi.Core.DefaultHttpSysRunner\Company.WebApi.Core.DefaultHttpSysRunner.csproj", "{BC5646E4-D8BE-4FA4-BF76-F96B96AD515A}"
EndProject
Project("{9A19103F-16F7-4668-BE54-9A1E7A4F7556}") = "Company.WebApi.Core.DefaultHttpSysRunner.Tests", "Company.WebApi.Core.DefaultHttpSysRunner.Tests\Company.WebApi.Core.DefaultHttpSysRunner.Tests.csproj", "{4C60A83D-F902-4BBD-821A-487C55619451}"
EndProject
Project("{9A19103F-16F7-4668-BE54-9A1E7A4F7556}") = "Company.WebApi.Core.WindowsHosting", "Company.WebApi.Core.WindowsHosting\Company.WebApi.Core.WindowsHosting.csproj", "{6C51A706-3A93-4F75-8E24-F17A8DFF29E4}"
EndProject
Project("{9A19103F-16F7-4668-BE54-9A1E7A4F7556}") = "Company.WebApi.Core.Tests", "Company.WebApi.Core.Tests\Company.WebApi.Core.Tests.csproj", "{6831F598-1F9B-4D7C-9F85-E534AD6B5C8C}"
EndProject
Project("{9A19103F-16F7-4668-BE54-9A1E7A4F7556}") = "Company.HttpClient.Tests", "Company.HttpClient.Tests\Company.HttpClient.Tests.csproj", "{F5417385-5DC4-4B6C-AF88-A63A6BCD0C6F}"
EndProject
Project("{2150E333-8FDC-42A3-9474-1A3956D46DE8}") = "ServicesForTest", "ServicesForTest", "{5843A4EF-7E74-4CA0-923F-F742FEBB328E}"
EndProject
Project("{FAE04EC0-301F-11D3-BF4B-00C04F79EFBC}") = "SimpleWindowsService", "ServicesForTest\SimpleWindowsService\SimpleWindowsService.csproj", "{E59B9ED6-FA31-4575-B0C1-EC8D9EF72B2D}"
EndProject
Global
	GlobalSection(SolutionConfigurationPlatforms) = preSolution
		Debug|Any CPU = Debug|Any CPU
		Release|Any CPU = Release|Any CPU
	EndGlobalSection
	GlobalSection(ProjectConfigurationPlatforms) = postSolution
		{E059AAC7-6397-4F69-9E80-B3B283CF73E3}.Debug|Any CPU.ActiveCfg = Debug|Any CPU
		{E059AAC7-6397-4F69-9E80-B3B283CF73E3}.Debug|Any CPU.Build.0 = Debug|Any CPU
		{E059AAC7-6397-4F69-9E80-B3B283CF73E3}.Release|Any CPU.ActiveCfg = Release|Any CPU
		{E059AAC7-6397-4F69-9E80-B3B283CF73E3}.Release|Any CPU.Build.0 = Release|Any CPU
		{6C0E395C-CB24-4664-A2C2-7591A88A6815}.Debug|Any CPU.ActiveCfg = Debug|Any CPU
		{6C0E395C-CB24-4664-A2C2-7591A88A6815}.Debug|Any CPU.Build.0 = Debug|Any CPU
		{6C0E395C-CB24-4664-A2C2-7591A88A6815}.Release|Any CPU.ActiveCfg = Release|Any CPU
		{6C0E395C-CB24-4664-A2C2-7591A88A6815}.Release|Any CPU.Build.0 = Release|Any CPU
		{8E75D9B1-EF01-400E-9819-0E7729F11EA3}.Debug|Any CPU.ActiveCfg = Debug|Any CPU
		{8E75D9B1-EF01-400E-9819-0E7729F11EA3}.Debug|Any CPU.Build.0 = Debug|Any CPU
		{8E75D9B1-EF01-400E-9819-0E7729F11EA3}.Release|Any CPU.ActiveCfg = Release|Any CPU
		{8E75D9B1-EF01-400E-9819-0E7729F11EA3}.Release|Any CPU.Build.0 = Release|Any CPU
		{44EB864D-4403-46CE-9509-1CE43D74EC1C}.Debug|Any CPU.ActiveCfg = Debug|Any CPU
		{44EB864D-4403-46CE-9509-1CE43D74EC1C}.Debug|Any CPU.Build.0 = Debug|Any CPU
		{44EB864D-4403-46CE-9509-1CE43D74EC1C}.Release|Any CPU.ActiveCfg = Release|Any CPU
		{44EB864D-4403-46CE-9509-1CE43D74EC1C}.Release|Any CPU.Build.0 = Release|Any CPU
		{A14ECF9B-A18A-41A6-9E9C-A61B13BE39C6}.Debug|Any CPU.ActiveCfg = Debug|Any CPU
		{A14ECF9B-A18A-41A6-9E9C-A61B13BE39C6}.Debug|Any CPU.Build.0 = Debug|Any CPU
		{A14ECF9B-A18A-41A6-9E9C-A61B13BE39C6}.Release|Any CPU.ActiveCfg = Release|Any CPU
		{A14ECF9B-A18A-41A6-9E9C-A61B13BE39C6}.Release|Any CPU.Build.0 = Release|Any CPU
		{368F8079-C8AC-4B15-A8A5-1F339466C0F5}.Debug|Any CPU.ActiveCfg = Debug|Any CPU
		{368F8079-C8AC-4B15-A8A5-1F339466C0F5}.Debug|Any CPU.Build.0 = Debug|Any CPU
		{368F8079-C8AC-4B15-A8A5-1F339466C0F5}.Release|Any CPU.ActiveCfg = Release|Any CPU
		{368F8079-C8AC-4B15-A8A5-1F339466C0F5}.Release|Any CPU.Build.0 = Release|Any CPU
		{EAB54927-220F-4A72-8CF9-6B603A7DDF90}.Debug|Any CPU.ActiveCfg = Debug|Any CPU
		{EAB54927-220F-4A72-8CF9-6B603A7DDF90}.Debug|Any CPU.Build.0 = Debug|Any CPU
		{EAB54927-220F-4A72-8CF9-6B603A7DDF90}.Release|Any CPU.ActiveCfg = Release|Any CPU
		{EAB54927-220F-4A72-8CF9-6B603A7DDF90}.Release|Any CPU.Build.0 = Release|Any CPU
		{453D41B0-52AA-41E9-ACF4-9D663BA4B8AD}.Debug|Any CPU.ActiveCfg = Debug|Any CPU
		{453D41B0-52AA-41E9-ACF4-9D663BA4B8AD}.Debug|Any CPU.Build.0 = Debug|Any CPU
		{453D41B0-52AA-41E9-ACF4-9D663BA4B8AD}.Release|Any CPU.ActiveCfg = Release|Any CPU
		{453D41B0-52AA-41E9-ACF4-9D663BA4B8AD}.Release|Any CPU.Build.0 = Release|Any CPU
		{6F1F1582-28CD-4B9D-BC0C-E73F06EA6FCC}.Debug|Any CPU.ActiveCfg = Debug|Any CPU
		{6F1F1582-28CD-4B9D-BC0C-E73F06EA6FCC}.Debug|Any CPU.Build.0 = Debug|Any CPU
		{6F1F1582-28CD-4B9D-BC0C-E73F06EA6FCC}.Release|Any CPU.ActiveCfg = Release|Any CPU
		{6F1F1582-28CD-4B9D-BC0C-E73F06EA6FCC}.Release|Any CPU.Build.0 = Release|Any CPU
		{BC5646E4-D8BE-4FA4-BF76-F96B96AD515A}.Debug|Any CPU.ActiveCfg = Debug|Any CPU
		{BC5646E4-D8BE-4FA4-BF76-F96B96AD515A}.Debug|Any CPU.Build.0 = Debug|Any CPU
		{BC5646E4-D8BE-4FA4-BF76-F96B96AD515A}.Release|Any CPU.ActiveCfg = Release|Any CPU
		{BC5646E4-D8BE-4FA4-BF76-F96B96AD515A}.Release|Any CPU.Build.0 = Release|Any CPU
		{4C60A83D-F902-4BBD-821A-487C55619451}.Debug|Any CPU.ActiveCfg = Debug|Any CPU
		{4C60A83D-F902-4BBD-821A-487C55619451}.Debug|Any CPU.Build.0 = Debug|Any CPU
		{4C60A83D-F902-4BBD-821A-487C55619451}.Release|Any CPU.ActiveCfg = Release|Any CPU
		{4C60A83D-F902-4BBD-821A-487C55619451}.Release|Any CPU.Build.0 = Release|Any CPU
		{6C51A706-3A93-4F75-8E24-F17A8DFF29E4}.Debug|Any CPU.ActiveCfg = Debug|Any CPU
		{6C51A706-3A93-4F75-8E24-F17A8DFF29E4}.Debug|Any CPU.Build.0 = Debug|Any CPU
		{6C51A706-3A93-4F75-8E24-F17A8DFF29E4}.Release|Any CPU.ActiveCfg = Release|Any CPU
		{6C51A706-3A93-4F75-8E24-F17A8DFF29E4}.Release|Any CPU.Build.0 = Release|Any CPU
		{6831F598-1F9B-4D7C-9F85-E534AD6B5C8C}.Debug|Any CPU.ActiveCfg = Debug|Any CPU
		{6831F598-1F9B-4D7C-9F85-E534AD6B5C8C}.Debug|Any CPU.Build.0 = Debug|Any CPU
		{6831F598-1F9B-4D7C-9F85-E534AD6B5C8C}.Release|Any CPU.ActiveCfg = Release|Any CPU
		{6831F598-1F9B-4D7C-9F85-E534AD6B5C8C}.Release|Any CPU.Build.0 = Release|Any CPU
		{F5417385-5DC4-4B6C-AF88-A63A6BCD0C6F}.Debug|Any CPU.ActiveCfg = Debug|Any CPU
		{F5417385-5DC4-4B6C-AF88-A63A6BCD0C6F}.Debug|Any CPU.Build.0 = Debug|Any CPU
		{F5417385-5DC4-4B6C-AF88-A63A6BCD0C6F}.Release|Any CPU.ActiveCfg = Release|Any CPU
		{F5417385-5DC4-4B6C-AF88-A63A6BCD0C6F}.Release|Any CPU.Build.0 = Release|Any CPU
		{E59B9ED6-FA31-4575-B0C1-EC8D9EF72B2D}.Debug|Any CPU.ActiveCfg = Debug|Any CPU
		{E59B9ED6-FA31-4575-B0C1-EC8D9EF72B2D}.Debug|Any CPU.Build.0 = Debug|Any CPU
		{E59B9ED6-FA31-4575-B0C1-EC8D9EF72B2D}.Release|Any CPU.ActiveCfg = Release|Any CPU
		{E59B9ED6-FA31-4575-B0C1-EC8D9EF72B2D}.Release|Any CPU.Build.0 = Release|Any CPU
	EndGlobalSection
	GlobalSection(SolutionProperties) = preSolution
		HideSolutionNode = FALSE
	EndGlobalSection
	GlobalSection(NestedProjects) = preSolution
		{E059AAC7-6397-4F69-9E80-B3B283CF73E3} = {D126048F-5089-402A-8BB6-795C96E9F838}
		{44EB864D-4403-46CE-9509-1CE43D74EC1C} = {D126048F-5089-402A-8BB6-795C96E9F838}
		{368F8079-C8AC-4B15-A8A5-1F339466C0F5} = {D126048F-5089-402A-8BB6-795C96E9F838}
		{453D41B0-52AA-41E9-ACF4-9D663BA4B8AD} = {D126048F-5089-402A-8BB6-795C96E9F838}
		{BC5646E4-D8BE-4FA4-BF76-F96B96AD515A} = {D126048F-5089-402A-8BB6-795C96E9F838}
		{4C60A83D-F902-4BBD-821A-487C55619451} = {D126048F-5089-402A-8BB6-795C96E9F838}
		{6C51A706-3A93-4F75-8E24-F17A8DFF29E4} = {D126048F-5089-402A-8BB6-795C96E9F838}
		{6831F598-1F9B-4D7C-9F85-E534AD6B5C8C} = {D126048F-5089-402A-8BB6-795C96E9F838}
		{F5417385-5DC4-4B6C-AF88-A63A6BCD0C6F} = {D126048F-5089-402A-8BB6-795C96E9F838}
		{E59B9ED6-FA31-4575-B0C1-EC8D9EF72B2D} = {5843A4EF-7E74-4CA0-923F-F742FEBB328E}
	EndGlobalSection
	GlobalSection(ExtensibilityGlobals) = postSolution
		SolutionGuid = {21931976-D091-46E5-A4E3-F3BA29D6DB9C}
	EndGlobalSection
EndGlobal
