
Microsoft Visual Studio Solution File, Format Version 12.00
# Visual Studio Version 16
VisualStudioVersion = 16.0.29519.87
MinimumVisualStudioVersion = 10.0.40219.1
Project("{9A19103F-16F7-4668-BE54-9A1E7A4F7556}") = "ViennaNET.WebApi", "ViennaNET.WebApi\ViennaNET.WebApi.csproj", "{E059AAC7-6397-4F69-9E80-B3B283CF73E3}"
EndProject
Project("{9A19103F-16F7-4668-BE54-9A1E7A4F7556}") = "ViennaNET.Security", "ViennaNET.Security\ViennaNET.Security.csproj", "{6C0E395C-CB24-4664-A2C2-7591A88A6815}"
EndProject
Project("{9A19103F-16F7-4668-BE54-9A1E7A4F7556}") = "ViennaNET.Utils", "ViennaNET.Utils\ViennaNET.Utils.csproj", "{8E75D9B1-EF01-400E-9819-0E7729F11EA3}"
EndProject
Project("{9A19103F-16F7-4668-BE54-9A1E7A4F7556}") = "ViennaNET.HttpClient", "ViennaNET.HttpClient\ViennaNET.HttpClient.csproj", "{44EB864D-4403-46CE-9509-1CE43D74EC1C}"
EndProject
Project("{9A19103F-16F7-4668-BE54-9A1E7A4F7556}") = "ViennaNET.Logging", "ViennaNET.Logging\ViennaNET.Logging.csproj", "{A14ECF9B-A18A-41A6-9E9C-A61B13BE39C6}"
EndProject
Project("{2150E333-8FDC-42A3-9474-1A3956D46DE8}") = "Solution Items", "Solution Items", "{8FD28736-0084-40C3-B16D-FEFF8175F06D}"
	ProjectSection(SolutionItems) = preProject
		Readme.md = Readme.md
		ReleaseNotes.md = ReleaseNotes.md
	EndProjectSection
EndProject
Project("{9A19103F-16F7-4668-BE54-9A1E7A4F7556}") = "ViennaNET.Orm", "ViennaNET.Orm\ViennaNET.Orm.csproj", "{E4A43284-A654-440C-AB37-5D9E7DC1B5E6}"
EndProject
Project("{9A19103F-16F7-4668-BE54-9A1E7A4F7556}") = "ViennaNET.Orm.Seedwork", "ViennaNET.Orm.Seedwork\ViennaNET.Orm.Seedwork.csproj", "{B408C403-4FDB-4BBC-8F8E-721684BB34AA}"
EndProject
Project("{9A19103F-16F7-4668-BE54-9A1E7A4F7556}") = "ViennaNET.Orm.DefaultConfiguration", "ViennaNET.Orm.DefaultConfiguration\ViennaNET.Orm.DefaultConfiguration.csproj", "{9D76DDE9-28E6-4490-ACEC-BF4A550D6815}"
EndProject
Project("{2150E333-8FDC-42A3-9474-1A3956D46DE8}") = "Orm", "Orm", "{1C684018-A1F9-41E2-9193-0BFF45D2E4A7}"
EndProject
Project("{2150E333-8FDC-42A3-9474-1A3956D46DE8}") = "Mediator", "Mediator", "{1FEA39C4-A182-41F6-A871-429939F6CE96}"
EndProject
Project("{2150E333-8FDC-42A3-9474-1A3956D46DE8}") = "WebApi", "WebApi", "{D126048F-5089-402A-8BB6-795C96E9F838}"
EndProject
Project("{2150E333-8FDC-42A3-9474-1A3956D46DE8}") = "MSSQL", "MSSQL", "{3D886F44-2659-4FAC-BC76-D61874DEB4C8}"
EndProject
Project("{9A19103F-16F7-4668-BE54-9A1E7A4F7556}") = "ViennaNET.Mediator.DefaultConfiguration", "ViennaNET.Mediator.DefaultConfiguration\ViennaNET.Mediator.DefaultConfiguration.csproj", "{AB38FAB2-719F-46EB-A1BA-214E7B9EDF7A}"
EndProject
Project("{9A19103F-16F7-4668-BE54-9A1E7A4F7556}") = "ViennaNET.Mediator.Seedwork", "ViennaNET.Mediator.Seedwork\ViennaNET.Mediator.Seedwork.csproj", "{D1F29CC1-FB09-4399-947F-09D875DED7B0}"
EndProject
Project("{9A19103F-16F7-4668-BE54-9A1E7A4F7556}") = "ViennaNET.Mediator", "ViennaNET.Mediator\ViennaNET.Mediator.csproj", "{709EAC84-6C61-40FD-8205-DC0399A95A63}"
EndProject
Project("{9A19103F-16F7-4668-BE54-9A1E7A4F7556}") = "ViennaNET.Orm.MSSQL.DefaultConfiguration", "ViennaNET.Orm.MSSQL.DefaultConfiguration\ViennaNET.Orm.MSSQL.DefaultConfiguration.csproj", "{B619FA88-65ED-4913-B0E2-F2D1339AC55C}"
EndProject
Project("{2150E333-8FDC-42A3-9474-1A3956D46DE8}") = "Redis", "Redis", "{7E0FEA32-71EB-4318-8FE5-87B0DB219A52}"
EndProject
Project("{2150E333-8FDC-42A3-9474-1A3956D46DE8}") = "ArcSight", "ArcSight", "{BD27846C-C833-49C7-A604-2A2B929CE5AD}"
EndProject
Project("{9A19103F-16F7-4668-BE54-9A1E7A4F7556}") = "ViennaNET.ArcSight", "ViennaNET.ArcSight\ViennaNET.ArcSight.csproj", "{ACDA6E9A-BC44-429A-928E-A5F74EEAC5E9}"
EndProject
Project("{9A19103F-16F7-4668-BE54-9A1E7A4F7556}") = "ViennaNET.Redis", "ViennaNET.Redis\ViennaNET.Redis.csproj", "{52528642-08EB-4D46-9B86-4E31F99211C0}"
EndProject
Project("{9A19103F-16F7-4668-BE54-9A1E7A4F7556}") = "ViennaNET.Redis.DefaultConfiguration", "ViennaNET.Redis.DefaultConfiguration\ViennaNET.Redis.DefaultConfiguration.csproj", "{3270210D-2379-49C4-9390-00D93807AC92}"
EndProject
Project("{9A19103F-16F7-4668-BE54-9A1E7A4F7556}") = "ViennaNET.Validation", "ViennaNET.Validation\ViennaNET.Validation.csproj", "{C55047F9-B0C9-4A17-9666-7F979467B2B8}"
EndProject
Project("{9A19103F-16F7-4668-BE54-9A1E7A4F7556}") = "ViennaNET.ArcSight.DefaultConfiguration", "ViennaNET.ArcSight.DefaultConfiguration\ViennaNET.ArcSight.DefaultConfiguration.csproj", "{B226E087-B38C-49D6-B8CE-AA0CE2639FD7}"
EndProject
Project("{9A19103F-16F7-4668-BE54-9A1E7A4F7556}") = "ViennaNET.Specifications", "ViennaNET.Specifications\ViennaNET.Specifications.csproj", "{3A0F5FD9-7868-492D-9A36-0EB23AC62704}"
EndProject
Project("{9A19103F-16F7-4668-BE54-9A1E7A4F7556}") = "ViennaNET.Security.Jwt", "ViennaNET.Security.Jwt\ViennaNET.Security.Jwt.csproj", "{EAB54927-220F-4A72-8CF9-6B603A7DDF90}"
EndProject
Project("{9A19103F-16F7-4668-BE54-9A1E7A4F7556}") = "ViennaNET.Redis.Tests", "ViennaNET.Redis.Tests\ViennaNET.Redis.Tests.csproj", "{759FEDB1-C8C1-4F14-87F4-0E7876B820F0}"
EndProject
Project("{9A19103F-16F7-4668-BE54-9A1E7A4F7556}") = "ViennaNET.Mediator.Tests", "ViennaNET.Mediator.Tests\ViennaNET.Mediator.Tests.csproj", "{4E764DEC-98EC-4BB5-AE02-F61E17F08D54}"
EndProject
Project("{9A19103F-16F7-4668-BE54-9A1E7A4F7556}") = "ViennaNET.ArcSight.Tests", "ViennaNET.ArcSight.Tests\ViennaNET.ArcSight.Tests.csproj", "{B531DE6C-43E0-4AEF-A055-880BD8F8872F}"
EndProject
Project("{9A19103F-16F7-4668-BE54-9A1E7A4F7556}") = "ViennaNET.Orm.Tests", "ViennaNET.Orm.Tests\ViennaNET.Orm.Tests.csproj", "{50F1B835-64FA-485C-AFB5-C9912F1DC464}"
EndProject
Project("{9A19103F-16F7-4668-BE54-9A1E7A4F7556}") = "ViennaNET.Validation.Tests", "ViennaNET.Validation.Tests\ViennaNET.Validation.Tests.csproj", "{23670D63-EC9B-461B-A995-2CC8484E2DFD}"
EndProject
Project("{2150E333-8FDC-42A3-9474-1A3956D46DE8}") = "Validation", "Validation", "{D9E0F80C-4A48-46D1-A625-BC20E6B18A5B}"
EndProject
Project("{9A19103F-16F7-4668-BE54-9A1E7A4F7556}") = "ViennaNET.Diagnostic", "ViennaNET.Diagnostic\ViennaNET.Diagnostic.csproj", "{6F1F1582-28CD-4B9D-BC0C-E73F06EA6FCC}"
EndProject
Project("{2150E333-8FDC-42A3-9474-1A3956D46DE8}") = "Queue", "Queue", "{745CA58E-485E-4C54-9098-25F2ED4E0315}"
EndProject
Project("{9A19103F-16F7-4668-BE54-9A1E7A4F7556}") = "ViennaNET.Messaging", "ViennaNET.Messaging\ViennaNET.Messaging.csproj", "{E9B0BDDF-4862-4DD5-B23B-739F289FDFA9}"
EndProject
Project("{9A19103F-16F7-4668-BE54-9A1E7A4F7556}") = "ViennaNET.Messaging.MQSeriesQueue", "ViennaNET.Messaging.MQSeriesQueue\ViennaNET.Messaging.MQSeriesQueue.csproj", "{F737ADD4-F1AD-42EA-9995-88BF6587CA17}"
EndProject
Project("{9A19103F-16F7-4668-BE54-9A1E7A4F7556}") = "ViennaNET.Messaging.Tests", "ViennaNET.Messaging.Tests\ViennaNET.Messaging.Tests.csproj", "{EDA82C9B-399E-4131-AEF4-6CDA3E3C813B}"
EndProject
Project("{9A19103F-16F7-4668-BE54-9A1E7A4F7556}") = "ViennaNET.Messaging.RabbitMQQueue", "ViennaNET.Messaging.RabbitMQQueue\ViennaNET.Messaging.RabbitMQQueue.csproj", "{4D732CCA-AF2D-4D3B-8CCD-6AF74E7B5609}"
EndProject
Project("{9A19103F-16F7-4668-BE54-9A1E7A4F7556}") = "ViennaNET.Messaging.RabbitMQQueue.DefaultConfiguration", "ViennaNET.Messaging.RabbitMQQueue.DefaultConfiguration\ViennaNET.Messaging.RabbitMQQueue.DefaultConfiguration.csproj", "{774F6D7B-C4D5-4A57-9DB7-254E2DE3C26C}"
EndProject
Project("{9A19103F-16F7-4668-BE54-9A1E7A4F7556}") = "ViennaNET.Messaging.MQSeriesQueue.DefaultConfiguration", "ViennaNET.Messaging.MQSeriesQueue.DefaultConfiguration\ViennaNET.Messaging.MQSeriesQueue.DefaultConfiguration.csproj", "{28C27673-6572-4BCC-8FEA-6CDF1E613CFF}"
EndProject
Project("{9A19103F-16F7-4668-BE54-9A1E7A4F7556}") = "ViennaNET.Messaging.DefaultConfiguration", "ViennaNET.Messaging.DefaultConfiguration\ViennaNET.Messaging.DefaultConfiguration.csproj", "{769F09F8-3A19-433F-8C45-21A042FEB7B1}"
EndProject
Project("{9A19103F-16F7-4668-BE54-9A1E7A4F7556}") = "ViennaNET.Specifications.Tests", "ViennaNET.Specifications.Tests\ViennaNET.Specifications.Tests.csproj", "{7538F30D-1BC6-4F83-984F-2D87A4BF5134}"
EndProject
Project("{9A19103F-16F7-4668-BE54-9A1E7A4F7556}") = "ViennaNET.Orm.MSSQL", "ViennaNET.Orm.MSSQL\ViennaNET.Orm.MSSQL.csproj", "{F87FAB51-EA73-4C05-A2DD-159941DD6263}"
EndProject
Project("{9A19103F-16F7-4668-BE54-9A1E7A4F7556}") = "ViennaNET.WebApi.WindowsHosting", "ViennaNET.WebApi.WindowsHosting\ViennaNET.WebApi.WindowsHosting.csproj", "{6C51A706-3A93-4F75-8E24-F17A8DFF29E4}"
EndProject
Project("{9A19103F-16F7-4668-BE54-9A1E7A4F7556}") = "ViennaNET.Mediator.Pipelines", "ViennaNET.Mediator.Pipelines\ViennaNET.Mediator.Pipelines.csproj", "{3B15C771-AC9A-4F3D-B574-1FDABFC1E5CD}"
EndProject
Project("{2150E333-8FDC-42A3-9474-1A3956D46DE8}") = "Oracle", "Oracle", "{18ECC42F-57EB-43B1-B1DF-0DD4B25AA604}"
EndProject
Project("{9A19103F-16F7-4668-BE54-9A1E7A4F7556}") = "ViennaNET.Orm.Oracle", "ViennaNET.Orm.Oracle\ViennaNET.Orm.Oracle.csproj", "{C8EF7951-DFB2-4D73-BAD5-818B645E8124}"
EndProject
Project("{9A19103F-16F7-4668-BE54-9A1E7A4F7556}") = "ViennaNET.Orm.Oracle.DefaultConfiguration", "ViennaNET.Orm.Oracle.DefaultConfiguration\ViennaNET.Orm.Oracle.DefaultConfiguration.csproj", "{7028552F-C098-4721-856F-7692B3C067B6}"
EndProject
Project("{9A19103F-16F7-4668-BE54-9A1E7A4F7556}") = "ViennaNET.Utils.Tests", "ViennaNET.Utils.Tests\ViennaNET.Utils.Tests.csproj", "{7E77B926-5B31-4EE8-80F3-E132193E5848}"
EndProject
Project("{9A19103F-16F7-4668-BE54-9A1E7A4F7556}") = "ViennaNET.HttpClient.Tests", "ViennaNET.HttpClient.Tests\ViennaNET.HttpClient.Tests.csproj", "{F5417385-5DC4-4B6C-AF88-A63A6BCD0C6F}"
EndProject
Project("{2150E333-8FDC-42A3-9474-1A3956D46DE8}") = "EventStore", "EventStore", "{A29FB72D-4F87-41CC-ADBD-0980CE339172}"
EndProject
Project("{9A19103F-16F7-4668-BE54-9A1E7A4F7556}") = "ViennaNET.EventSourcing", "ViennaNET.EventSourcing\ViennaNET.EventSourcing.csproj", "{59AF8005-FDA1-4110-9090-B5D81550604E}"
EndProject
Project("{9A19103F-16F7-4668-BE54-9A1E7A4F7556}") = "ViennaNET.EventSourcing.DefaultConfiguration", "ViennaNET.EventSourcing.DefaultConfiguration\ViennaNET.EventSourcing.DefaultConfiguration.csproj", "{68A9AD49-6B2A-48C8-A297-579ECE561765}"
EndProject
Project("{9A19103F-16F7-4668-BE54-9A1E7A4F7556}") = "ViennaNET.EventSourcing.Tests", "ViennaNET.EventSourcing.Tests\ViennaNET.EventSourcing.Tests.csproj", "{B8505A60-63BE-4ED0-8407-061D20E32488}"
EndProject
Project("{2150E333-8FDC-42A3-9474-1A3956D46DE8}") = "PostgreSql", "PostgreSql", "{27563B82-9BD5-4866-BE5D-9CCD70D53491}"
EndProject
Project("{9A19103F-16F7-4668-BE54-9A1E7A4F7556}") = "ViennaNET.Orm.PostgreSql", "ViennaNET.Orm.PostgreSql\ViennaNET.Orm.PostgreSql.csproj", "{E37AD0E9-9862-4CFF-9667-A276901CE555}"
EndProject
Project("{9A19103F-16F7-4668-BE54-9A1E7A4F7556}") = "ViennaNET.Orm.PostgreSql.DefaultConfiguration", "ViennaNET.Orm.PostgreSql.DefaultConfiguration\ViennaNET.Orm.PostgreSql.DefaultConfiguration.csproj", "{BBB4FD96-4906-4196-AED8-D33361D5A77C}"
EndProject
Project("{9A19103F-16F7-4668-BE54-9A1E7A4F7556}") = "ViennaNET.Word", "ViennaNET.Word\ViennaNET.Word.csproj", "{1F489491-62A3-4FFD-BF06-920A6961A0C7}"
EndProject
Project("{9A19103F-16F7-4668-BE54-9A1E7A4F7556}") = "ViennaNET.Word.Tests", "ViennaNET.Word.Tests\ViennaNET.Word.Tests.csproj", "{4D02D7C7-FBB1-41A9-830D-8C49570CB448}"
EndProject
Project("{2150E333-8FDC-42A3-9474-1A3956D46DE8}") = "Office", "Office", "{DFA165E1-7CAA-4191-BAEF-53288E315918}"
EndProject
Project("{9A19103F-16F7-4668-BE54-9A1E7A4F7556}") = "ViennaNET.Excel", "ViennaNET.Excel\ViennaNET.Excel.csproj", "{B1E52E5E-E095-4B59-B16F-DBC3EA42A520}"
EndProject
Project("{9A19103F-16F7-4668-BE54-9A1E7A4F7556}") = "ViennaNET.TestUtils.Orm", "ViennaNET.TestUtils.Orm\ViennaNET.TestUtils.Orm.csproj", "{E64E2B70-897E-4D82-9162-D8B08998FFB1}"
EndProject
Project("{9A19103F-16F7-4668-BE54-9A1E7A4F7556}") = "ViennaNET.TestUtils.Orm.Tests", "ViennaNET.TestUtils.Orm.Tests\ViennaNET.TestUtils.Orm.Tests.csproj", "{62EECF6C-4CF2-44CD-85AB-C60AE3BCEF04}"
EndProject
Project("{9A19103F-16F7-4668-BE54-9A1E7A4F7556}") = "ViennaNET.FileUtils", "ViennaNET.FileUtils\ViennaNET.FileUtils.csproj", "{9B4A7479-3441-4692-8CA9-D5FF6902EC04}"
EndProject
Project("{2150E333-8FDC-42A3-9474-1A3956D46DE8}") = "Configurators", "Configurators", "{86CB75ED-2598-4DFC-B8C3-3F9CD169B126}"
EndProject
Project("{2150E333-8FDC-42A3-9474-1A3956D46DE8}") = "Runners", "Runners", "{275DCB5B-2F5E-49BC-B596-8074F3CB4CF4}"
EndProject
Project("{9A19103F-16F7-4668-BE54-9A1E7A4F7556}") = "ViennaNET.WebApi.Configurators.Common", "ViennaNET.WebApi.Configurators.Common\ViennaNET.WebApi.Configurators.Common.csproj", "{352F31D4-A8C1-493D-AC94-B99D9E371D95}"
EndProject
Project("{9A19103F-16F7-4668-BE54-9A1E7A4F7556}") = "ViennaNET.WebApi.Configurators.Diagnostic", "ViennaNET.WebApi.Configurators.Diagnostic\ViennaNET.WebApi.Configurators.Diagnostic.csproj", "{B0988CC9-DF41-4C29-9CF3-1AE38BDC7F2F}"
EndProject
Project("{9A19103F-16F7-4668-BE54-9A1E7A4F7556}") = "ViennaNET.WebApi.Configurators.HttpSys", "ViennaNET.WebApi.Configurators.HttpSys\ViennaNET.WebApi.Configurators.HttpSys.csproj", "{236531E7-8F70-4C37-99EB-DACBBC010C61}"
EndProject
Project("{9A19103F-16F7-4668-BE54-9A1E7A4F7556}") = "ViennaNET.WebApi.Configurators.Kestrel", "ViennaNET.WebApi.Configurators.Kestrel\ViennaNET.WebApi.Configurators.Kestrel.csproj", "{33B8934B-2337-419E-8481-E5A69D03C61E}"
EndProject
Project("{9A19103F-16F7-4668-BE54-9A1E7A4F7556}") = "ViennaNET.WebApi.Abstractions", "ViennaNET.WebApi.Abstractions\ViennaNET.WebApi.Abstractions.csproj", "{6C60726C-7621-4E7B-820C-9ECA6E2B9032}"
EndProject
Project("{9A19103F-16F7-4668-BE54-9A1E7A4F7556}") = "ViennaNET.WebApi.Configurators.SimpleInjector", "ViennaNET.WebApi.Configurators.SimpleInjector\ViennaNET.WebApi.Configurators.SimpleInjector.csproj", "{6745447C-0F59-4E84-88E9-4BAC3BA380DF}"
EndProject
Project("{9A19103F-16F7-4668-BE54-9A1E7A4F7556}") = "ViennaNET.WebApi.Configurators.Swagger", "ViennaNET.WebApi.Configurators.Swagger\ViennaNET.WebApi.Configurators.Swagger.csproj", "{42266693-3F34-4407-99D6-CA4700ECC1B7}"
EndProject
Project("{9A19103F-16F7-4668-BE54-9A1E7A4F7556}") = "ViennaNET.WebApi.Configurators.Security.Jwt", "ViennaNET.WebApi.Configurators.Security.Jwt\ViennaNET.WebApi.Configurators.Security.Jwt.csproj", "{F6AB7418-B705-4BE3-9E03-C7CEEF4E3B13}"
EndProject
Project("{9A19103F-16F7-4668-BE54-9A1E7A4F7556}") = "ViennaNET.WebApi.Net", "ViennaNET.WebApi.Net\ViennaNET.WebApi.Net.csproj", "{B00BBCD8-24D9-40A1-8781-A30A8D08256F}"
EndProject
Project("{9A19103F-16F7-4668-BE54-9A1E7A4F7556}") = "ViennaNET.WebApi.Configurators.Security.Ntlm", "ViennaNET.WebApi.Configurators.Security.Ntlm\ViennaNET.WebApi.Configurators.Security.Ntlm.csproj", "{321196F0-9E69-4D2A-AB95-F272C78E9D28}"
EndProject
Project("{9A19103F-16F7-4668-BE54-9A1E7A4F7556}") = "ViennaNET.WebApi.Configurators.HttpClients.Ntlm", "ViennaNET.WebApi.Configurators.HttpClients.Ntlm\ViennaNET.WebApi.Configurators.HttpClients.Ntlm.csproj", "{66E98966-657A-4CC0-B490-E1977E7E6D04}"
EndProject
Project("{9A19103F-16F7-4668-BE54-9A1E7A4F7556}") = "ViennaNET.WebApi.Configurators.HttpClients.Jwt", "ViennaNET.WebApi.Configurators.HttpClients.Jwt\ViennaNET.WebApi.Configurators.HttpClients.Jwt.csproj", "{48E42128-F985-4B49-A207-BFCD83E5404A}"
EndProject
Project("{9A19103F-16F7-4668-BE54-9A1E7A4F7556}") = "ViennaNET.WebApi.Configurators.HttpClients.Abstractions", "ViennaNET.WebApi.Configurators.HttpClients.Abstractions\ViennaNET.WebApi.Configurators.HttpClients.Abstractions.csproj", "{FBAA5E6E-4F89-4E1D-B768-CE2FB171F06C}"
EndProject
Project("{9A19103F-16F7-4668-BE54-9A1E7A4F7556}") = "ViennaNET.WebApi.Configurators.HttpClients.Abstractions.Tests", "ViennaNET.WebApi.Configurators.HttpClients.Abstractions.Tests\ViennaNET.WebApi.Configurators.HttpClients.Abstractions.Tests.csproj", "{349DF8DC-44A3-47F5-B0D2-4A150DA0034A}"
EndProject
Project("{9A19103F-16F7-4668-BE54-9A1E7A4F7556}") = "ViennaNET.WebApi.Configurators.Security.Jwt.Tests", "ViennaNET.WebApi.Configurators.Security.Jwt.Tests\ViennaNET.WebApi.Configurators.Security.Jwt.Tests.csproj", "{6C32861C-59C0-477F-AF89-830293B718C4}"
EndProject
Project("{9A19103F-16F7-4668-BE54-9A1E7A4F7556}") = "ViennaNET.WebApi.Configurators.Security.Ntlm.Tests", "ViennaNET.WebApi.Configurators.Security.Ntlm.Tests\ViennaNET.WebApi.Configurators.Security.Ntlm.Tests.csproj", "{DD2D9E1E-573F-4435-97D3-3E9C2CCEB9DF}"
EndProject
Project("{9A19103F-16F7-4668-BE54-9A1E7A4F7556}") = "ViennaNET.WebApi.Runners.BaseKestrel", "ViennaNET.WebApi.Runners.BaseKestrel\ViennaNET.WebApi.Runners.BaseKestrel.csproj", "{1F63E713-4DBA-4460-B073-602C6E71DA3D}"
EndProject
Project("{9A19103F-16F7-4668-BE54-9A1E7A4F7556}") = "ViennaNET.WebApi.Runners.BaseHttpSys", "ViennaNET.WebApi.Runners.BaseHttpSys\ViennaNET.WebApi.Runners.BaseHttpSys.csproj", "{5F029BFC-23C6-4986-A7AF-80ACC8600F87}"
EndProject
Project("{9A19103F-16F7-4668-BE54-9A1E7A4F7556}") = "ViennaNET.WebApi.Net.Tests", "ViennaNET.WebApi.Net.Tests\ViennaNET.WebApi.Net.Tests.csproj", "{7B273ABF-2A52-45AD-A4E9-391A0CD37B38}"
EndProject
Project("{9A19103F-16F7-4668-BE54-9A1E7A4F7556}") = "ViennaNET.WebApi.Runners.Extensions", "ViennaNET.WebApi.Runners.Extensions\ViennaNET.WebApi.Runners.Extensions.csproj", "{3B834FCA-8F44-4A0F-B981-354F925530D4}"
EndProject
Project("{9A19103F-16F7-4668-BE54-9A1E7A4F7556}") = "ViennaNET.WebApi.Configurators.Swagger.UiJwtAuth", "ViennaNET.WebApi.Configurators.Swagger.UiJwtAuth\ViennaNET.WebApi.Configurators.Swagger.UiJwtAuth.csproj", "{CF614B94-5831-4830-B4EF-4343546E1878}"
EndProject
Project("{9A19103F-16F7-4668-BE54-9A1E7A4F7556}") = "ViennaNET.SimpleInjector.Extensions", "ViennaNET.SimpleInjector.Extensions\ViennaNET.SimpleInjector.Extensions.csproj", "{4DBEF488-14DE-4F51-99F6-78A077367F7E}"
EndProject
Project("{9A19103F-16F7-4668-BE54-9A1E7A4F7556}") = "ViennaNET.Sagas", "ViennaNET.Sagas\ViennaNET.Sagas.csproj", "{CF39161A-331E-461B-9FDF-F7712FA54DFF}"
EndProject
Project("{9A19103F-16F7-4668-BE54-9A1E7A4F7556}") = "ViennaNET.Sagas.Tests", "ViennaNET.Sagas.Tests\ViennaNET.Sagas.Tests.csproj", "{FE0F1783-2904-4930-8AA5-FBFA0A7C54D2}"
EndProject
Project("{9A19103F-16F7-4668-BE54-9A1E7A4F7556}") = "ViennaNET.Messaging.KafkaQueue", "ViennaNET.Messaging.KafkaQueue\ViennaNET.Messaging.KafkaQueue.csproj", "{0E696D40-B09C-4EE0-A049-D2650D90F65C}"
EndProject
Project("{9A19103F-16F7-4668-BE54-9A1E7A4F7556}") = "ViennaNET.Messaging.KafkaQueue.DefaultConfiguration", "ViennaNET.Messaging.KafkaQueue.DefaultConfiguration\ViennaNET.Messaging.KafkaQueue.DefaultConfiguration.csproj", "{34523D5F-6A3F-4C17-B321-7C2098AE0FE8}"
EndProject
Project("{9A19103F-16F7-4668-BE54-9A1E7A4F7556}") = "ViennaNET.CallContext", "ViennaNET.CallContext\ViennaNET.CallContext.csproj", "{3ECB5C9B-FA0F-41D1-B061-46ACAA4A39FC}"
EndProject
Project("{9A19103F-16F7-4668-BE54-9A1E7A4F7556}") = "ViennaNET.WebApi.Configurators.CallContext", "ViennaNET.WebApi.Configurators.CallContext\ViennaNET.WebApi.Configurators.CallContext.csproj", "{963CC185-ECDF-452E-9EDF-3E46F7E97412}"
EndProject
Project("{9A19103F-16F7-4668-BE54-9A1E7A4F7556}") = "ViennaNET.CallContext.Tests", "ViennaNET.CallContext.Tests\ViennaNET.CallContext.Tests.csproj", "{1CC7A3F7-6A19-45D7-89DE-8EA22C861A39}"
EndProject
Project("{9A19103F-16F7-4668-BE54-9A1E7A4F7556}") = "ViennaNET.WebApi.Configurators.CallContext.Tests", "ViennaNET.WebApi.Configurators.CallContext.Tests\ViennaNET.WebApi.Configurators.CallContext.Tests.csproj", "{910F42FB-F2B1-445E-AADC-CA775309B05C}"
EndProject
Project("{2150E333-8FDC-42A3-9474-1A3956D46DE8}") = "SQLite", "SQLite", "{01FBB894-5BF2-44D1-BBEE-98552DEFD069}"
EndProject
Project("{9A19103F-16F7-4668-BE54-9A1E7A4F7556}") = "ViennaNET.Orm.SQLite", "ViennaNET.Orm.SQLite\ViennaNET.Orm.SQLite.csproj", "{27A37E70-F085-4D78-AED2-C7AB886CB928}"
EndProject
Project("{9A19103F-16F7-4668-BE54-9A1E7A4F7556}") = "ViennaNET.Orm.SQLite.DefaultConfiguration", "ViennaNET.Orm.SQLite.DefaultConfiguration\ViennaNET.Orm.SQLite.DefaultConfiguration.csproj", "{D228F641-1E51-4C6C-83F1-81C3B8042FED}"
EndProject
Project("{2150E333-8FDC-42A3-9474-1A3956D46DE8}") = "TestUtils", "TestUtils", "{7D729B3E-169A-4180-9773-19A99A1CDC66}"
EndProject
Project("{2150E333-8FDC-42A3-9474-1A3956D46DE8}") = "Examples", "Examples", "{21F07B8A-0B65-4548-842A-D69C5132B033}"
EndProject
Project("{2150E333-8FDC-42A3-9474-1A3956D46DE8}") = "1-empty-service", "1-empty-service", "{9FBB2C0A-C66B-448A-892D-D61A32D44125}"
EndProject
Project("{2150E333-8FDC-42A3-9474-1A3956D46DE8}") = "2-mediator", "2-mediator", "{36D96EE7-3920-4F5D-8497-D9D7BEC4FA0B}"
EndProject
Project("{2150E333-8FDC-42A3-9474-1A3956D46DE8}") = "3-validation", "3-validation", "{3B013E7C-E36B-458C-A4D6-3246C0455CD8}"
EndProject
Project("{9A19103F-16F7-4668-BE54-9A1E7A4F7556}") = "EmptyService", "Examples\1-empty-service\EmptyService.csproj", "{5487ADB0-7588-4CE1-8975-9D81003BE824}"
EndProject
Project("{9A19103F-16F7-4668-BE54-9A1E7A4F7556}") = "MediatorService", "Examples\2-mediator\MediatorService.csproj", "{9356A424-818A-4F4F-A636-80726082BB6E}"
EndProject
Project("{9A19103F-16F7-4668-BE54-9A1E7A4F7556}") = "ValidationService", "Examples\3-validation\ValidationService.csproj", "{852C0450-4DD0-4FAB-9268-7817BBA1650D}"
EndProject
Project("{2150E333-8FDC-42A3-9474-1A3956D46DE8}") = "4-orm", "4-orm", "{9A94D688-380A-4179-9867-CE3497969B40}"
EndProject
Project("{9A19103F-16F7-4668-BE54-9A1E7A4F7556}") = "OrmService", "Examples\4-orm\OrmService.csproj", "{9D22113B-BE56-4E69-9675-F8E8C7BD9526}"
EndProject
Project("{2150E333-8FDC-42A3-9474-1A3956D46DE8}") = "5-saga", "5-saga", "{8C8397C1-3E51-4F1C-BAAE-FDE344DC5A58}"
EndProject
Project("{9A19103F-16F7-4668-BE54-9A1E7A4F7556}") = "SagaService", "Examples\5-saga\SagaService.csproj", "{BD51CF6A-EA25-47D2-8C92-C2B03EEBC77D}"
EndProject
Project("{2150E333-8FDC-42A3-9474-1A3956D46DE8}") = "6-messaging", "6-messaging", "{A7244BD9-FBEB-4DE7-9E44-41B63137BC06}"
EndProject
Project("{9A19103F-16F7-4668-BE54-9A1E7A4F7556}") = "MessagingService", "Examples\6-messaging\MessagingService.csproj", "{DD1F0D81-269D-45A1-827E-4885675D999A}"
EndProject
Project("{9A19103F-16F7-4668-BE54-9A1E7A4F7556}") = "ViennaNET.Protection", "ViennaNET.Protection\ViennaNET.Protection.csproj", "{D12D13EE-81EE-4416-B4C0-75BAFD665F10}"
EndProject
Project("{9A19103F-16F7-4668-BE54-9A1E7A4F7556}") = "ViennaNET.Protection.Tests", "ViennaNET.Protection.Tests\ViennaNET.Protection.Tests.csproj", "{51935105-D112-4F20-8B81-94F692D6BF87}"
EndProject
Project("{9A19103F-16F7-4668-BE54-9A1E7A4F7556}") = "ViennaNET.WebApi.Configurators.HttpClients.NoAuthentication.Tests", "ViennaNET.WebApi.Configurators.HttpClients.NoAuthentication.Tests\ViennaNET.WebApi.Configurators.HttpClients.NoAuthentication.Tests.csproj", "{630BFA0C-0ED2-4BAC-A1D7-56E18836D497}"
EndProject
Project("{9A19103F-16F7-4668-BE54-9A1E7A4F7556}") = "ViennaNET.WebApi.Configurators.HttpClients.NoAuthentication", "ViennaNET.WebApi.Configurators.HttpClients.NoAuthentication\ViennaNET.WebApi.Configurators.HttpClients.NoAuthentication.csproj", "{BF71D5A0-0DED-4F17-8BA0-BB51EDC4FEC3}"
EndProject
Project("{9A19103F-16F7-4668-BE54-9A1E7A4F7556}") = "ViennaNET.WebApi.Configurators.HttpClients.Basic", "ViennaNET.WebApi.Configurators.HttpClients.Basic\ViennaNET.WebApi.Configurators.HttpClients.Basic.csproj", "{B30C3761-20BB-4FDD-8C0E-C079F0F1C81B}"
EndProject
Project("{9A19103F-16F7-4668-BE54-9A1E7A4F7556}") = "ViennaNET.WebApi.Configurators.HttpClients.Basic.Tests", "ViennaNET.WebApi.Configurators.HttpClients.Basic.Tests\ViennaNET.WebApi.Configurators.HttpClients.Basic.Tests.csproj", "{FD515FCC-1C24-43A1-BEE2-1F5A18C32A99}"
EndProject
Global
	GlobalSection(SolutionConfigurationPlatforms) = preSolution
		Debug|Any CPU = Debug|Any CPU
		Release|Any CPU = Release|Any CPU
	EndGlobalSection
	GlobalSection(ProjectConfigurationPlatforms) = postSolution
		{E059AAC7-6397-4F69-9E80-B3B283CF73E3}.Debug|Any CPU.ActiveCfg = Debug|Any CPU
		{E059AAC7-6397-4F69-9E80-B3B283CF73E3}.Debug|Any CPU.Build.0 = Debug|Any CPU
		{E059AAC7-6397-4F69-9E80-B3B283CF73E3}.Release|Any CPU.ActiveCfg = Release|Any CPU
		{E059AAC7-6397-4F69-9E80-B3B283CF73E3}.Release|Any CPU.Build.0 = Release|Any CPU
		{6C0E395C-CB24-4664-A2C2-7591A88A6815}.Debug|Any CPU.ActiveCfg = Debug|Any CPU
		{6C0E395C-CB24-4664-A2C2-7591A88A6815}.Debug|Any CPU.Build.0 = Debug|Any CPU
		{6C0E395C-CB24-4664-A2C2-7591A88A6815}.Release|Any CPU.ActiveCfg = Release|Any CPU
		{6C0E395C-CB24-4664-A2C2-7591A88A6815}.Release|Any CPU.Build.0 = Release|Any CPU
		{8E75D9B1-EF01-400E-9819-0E7729F11EA3}.Debug|Any CPU.ActiveCfg = Debug|Any CPU
		{8E75D9B1-EF01-400E-9819-0E7729F11EA3}.Debug|Any CPU.Build.0 = Debug|Any CPU
		{8E75D9B1-EF01-400E-9819-0E7729F11EA3}.Release|Any CPU.ActiveCfg = Release|Any CPU
		{8E75D9B1-EF01-400E-9819-0E7729F11EA3}.Release|Any CPU.Build.0 = Release|Any CPU
		{44EB864D-4403-46CE-9509-1CE43D74EC1C}.Debug|Any CPU.ActiveCfg = Debug|Any CPU
		{44EB864D-4403-46CE-9509-1CE43D74EC1C}.Debug|Any CPU.Build.0 = Debug|Any CPU
		{44EB864D-4403-46CE-9509-1CE43D74EC1C}.Release|Any CPU.ActiveCfg = Release|Any CPU
		{44EB864D-4403-46CE-9509-1CE43D74EC1C}.Release|Any CPU.Build.0 = Release|Any CPU
		{A14ECF9B-A18A-41A6-9E9C-A61B13BE39C6}.Debug|Any CPU.ActiveCfg = Debug|Any CPU
		{A14ECF9B-A18A-41A6-9E9C-A61B13BE39C6}.Debug|Any CPU.Build.0 = Debug|Any CPU
		{A14ECF9B-A18A-41A6-9E9C-A61B13BE39C6}.Release|Any CPU.ActiveCfg = Release|Any CPU
		{A14ECF9B-A18A-41A6-9E9C-A61B13BE39C6}.Release|Any CPU.Build.0 = Release|Any CPU
		{E4A43284-A654-440C-AB37-5D9E7DC1B5E6}.Debug|Any CPU.ActiveCfg = Debug|Any CPU
		{E4A43284-A654-440C-AB37-5D9E7DC1B5E6}.Debug|Any CPU.Build.0 = Debug|Any CPU
		{E4A43284-A654-440C-AB37-5D9E7DC1B5E6}.Release|Any CPU.ActiveCfg = Release|Any CPU
		{E4A43284-A654-440C-AB37-5D9E7DC1B5E6}.Release|Any CPU.Build.0 = Release|Any CPU
		{B408C403-4FDB-4BBC-8F8E-721684BB34AA}.Debug|Any CPU.ActiveCfg = Debug|Any CPU
		{B408C403-4FDB-4BBC-8F8E-721684BB34AA}.Debug|Any CPU.Build.0 = Debug|Any CPU
		{B408C403-4FDB-4BBC-8F8E-721684BB34AA}.Release|Any CPU.ActiveCfg = Release|Any CPU
		{B408C403-4FDB-4BBC-8F8E-721684BB34AA}.Release|Any CPU.Build.0 = Release|Any CPU
		{9D76DDE9-28E6-4490-ACEC-BF4A550D6815}.Debug|Any CPU.ActiveCfg = Debug|Any CPU
		{9D76DDE9-28E6-4490-ACEC-BF4A550D6815}.Debug|Any CPU.Build.0 = Debug|Any CPU
		{9D76DDE9-28E6-4490-ACEC-BF4A550D6815}.Release|Any CPU.ActiveCfg = Release|Any CPU
		{9D76DDE9-28E6-4490-ACEC-BF4A550D6815}.Release|Any CPU.Build.0 = Release|Any CPU
		{AB38FAB2-719F-46EB-A1BA-214E7B9EDF7A}.Debug|Any CPU.ActiveCfg = Debug|Any CPU
		{AB38FAB2-719F-46EB-A1BA-214E7B9EDF7A}.Debug|Any CPU.Build.0 = Debug|Any CPU
		{AB38FAB2-719F-46EB-A1BA-214E7B9EDF7A}.Release|Any CPU.ActiveCfg = Release|Any CPU
		{AB38FAB2-719F-46EB-A1BA-214E7B9EDF7A}.Release|Any CPU.Build.0 = Release|Any CPU
		{D1F29CC1-FB09-4399-947F-09D875DED7B0}.Debug|Any CPU.ActiveCfg = Debug|Any CPU
		{D1F29CC1-FB09-4399-947F-09D875DED7B0}.Debug|Any CPU.Build.0 = Debug|Any CPU
		{D1F29CC1-FB09-4399-947F-09D875DED7B0}.Release|Any CPU.ActiveCfg = Release|Any CPU
		{D1F29CC1-FB09-4399-947F-09D875DED7B0}.Release|Any CPU.Build.0 = Release|Any CPU
		{709EAC84-6C61-40FD-8205-DC0399A95A63}.Debug|Any CPU.ActiveCfg = Debug|Any CPU
		{709EAC84-6C61-40FD-8205-DC0399A95A63}.Debug|Any CPU.Build.0 = Debug|Any CPU
		{709EAC84-6C61-40FD-8205-DC0399A95A63}.Release|Any CPU.ActiveCfg = Release|Any CPU
		{709EAC84-6C61-40FD-8205-DC0399A95A63}.Release|Any CPU.Build.0 = Release|Any CPU
		{B619FA88-65ED-4913-B0E2-F2D1339AC55C}.Debug|Any CPU.ActiveCfg = Debug|Any CPU
		{B619FA88-65ED-4913-B0E2-F2D1339AC55C}.Debug|Any CPU.Build.0 = Debug|Any CPU
		{B619FA88-65ED-4913-B0E2-F2D1339AC55C}.Release|Any CPU.ActiveCfg = Release|Any CPU
		{B619FA88-65ED-4913-B0E2-F2D1339AC55C}.Release|Any CPU.Build.0 = Release|Any CPU
		{ACDA6E9A-BC44-429A-928E-A5F74EEAC5E9}.Debug|Any CPU.ActiveCfg = Debug|Any CPU
		{ACDA6E9A-BC44-429A-928E-A5F74EEAC5E9}.Debug|Any CPU.Build.0 = Debug|Any CPU
		{ACDA6E9A-BC44-429A-928E-A5F74EEAC5E9}.Release|Any CPU.ActiveCfg = Release|Any CPU
		{ACDA6E9A-BC44-429A-928E-A5F74EEAC5E9}.Release|Any CPU.Build.0 = Release|Any CPU
		{52528642-08EB-4D46-9B86-4E31F99211C0}.Debug|Any CPU.ActiveCfg = Debug|Any CPU
		{52528642-08EB-4D46-9B86-4E31F99211C0}.Debug|Any CPU.Build.0 = Debug|Any CPU
		{52528642-08EB-4D46-9B86-4E31F99211C0}.Release|Any CPU.ActiveCfg = Release|Any CPU
		{52528642-08EB-4D46-9B86-4E31F99211C0}.Release|Any CPU.Build.0 = Release|Any CPU
		{3270210D-2379-49C4-9390-00D93807AC92}.Debug|Any CPU.ActiveCfg = Debug|Any CPU
		{3270210D-2379-49C4-9390-00D93807AC92}.Debug|Any CPU.Build.0 = Debug|Any CPU
		{3270210D-2379-49C4-9390-00D93807AC92}.Release|Any CPU.ActiveCfg = Release|Any CPU
		{3270210D-2379-49C4-9390-00D93807AC92}.Release|Any CPU.Build.0 = Release|Any CPU
		{C55047F9-B0C9-4A17-9666-7F979467B2B8}.Debug|Any CPU.ActiveCfg = Debug|Any CPU
		{C55047F9-B0C9-4A17-9666-7F979467B2B8}.Debug|Any CPU.Build.0 = Debug|Any CPU
		{C55047F9-B0C9-4A17-9666-7F979467B2B8}.Release|Any CPU.ActiveCfg = Release|Any CPU
		{C55047F9-B0C9-4A17-9666-7F979467B2B8}.Release|Any CPU.Build.0 = Release|Any CPU
		{B226E087-B38C-49D6-B8CE-AA0CE2639FD7}.Debug|Any CPU.ActiveCfg = Debug|Any CPU
		{B226E087-B38C-49D6-B8CE-AA0CE2639FD7}.Debug|Any CPU.Build.0 = Debug|Any CPU
		{B226E087-B38C-49D6-B8CE-AA0CE2639FD7}.Release|Any CPU.ActiveCfg = Release|Any CPU
		{B226E087-B38C-49D6-B8CE-AA0CE2639FD7}.Release|Any CPU.Build.0 = Release|Any CPU
		{3A0F5FD9-7868-492D-9A36-0EB23AC62704}.Debug|Any CPU.ActiveCfg = Debug|Any CPU
		{3A0F5FD9-7868-492D-9A36-0EB23AC62704}.Debug|Any CPU.Build.0 = Debug|Any CPU
		{3A0F5FD9-7868-492D-9A36-0EB23AC62704}.Release|Any CPU.ActiveCfg = Release|Any CPU
		{3A0F5FD9-7868-492D-9A36-0EB23AC62704}.Release|Any CPU.Build.0 = Release|Any CPU
		{EAB54927-220F-4A72-8CF9-6B603A7DDF90}.Debug|Any CPU.ActiveCfg = Debug|Any CPU
		{EAB54927-220F-4A72-8CF9-6B603A7DDF90}.Debug|Any CPU.Build.0 = Debug|Any CPU
		{EAB54927-220F-4A72-8CF9-6B603A7DDF90}.Release|Any CPU.ActiveCfg = Release|Any CPU
		{EAB54927-220F-4A72-8CF9-6B603A7DDF90}.Release|Any CPU.Build.0 = Release|Any CPU
		{759FEDB1-C8C1-4F14-87F4-0E7876B820F0}.Debug|Any CPU.ActiveCfg = Debug|Any CPU
		{759FEDB1-C8C1-4F14-87F4-0E7876B820F0}.Debug|Any CPU.Build.0 = Debug|Any CPU
		{759FEDB1-C8C1-4F14-87F4-0E7876B820F0}.Release|Any CPU.ActiveCfg = Release|Any CPU
		{759FEDB1-C8C1-4F14-87F4-0E7876B820F0}.Release|Any CPU.Build.0 = Release|Any CPU
		{4E764DEC-98EC-4BB5-AE02-F61E17F08D54}.Debug|Any CPU.ActiveCfg = Debug|Any CPU
		{4E764DEC-98EC-4BB5-AE02-F61E17F08D54}.Debug|Any CPU.Build.0 = Debug|Any CPU
		{4E764DEC-98EC-4BB5-AE02-F61E17F08D54}.Release|Any CPU.ActiveCfg = Release|Any CPU
		{4E764DEC-98EC-4BB5-AE02-F61E17F08D54}.Release|Any CPU.Build.0 = Release|Any CPU
		{B531DE6C-43E0-4AEF-A055-880BD8F8872F}.Debug|Any CPU.ActiveCfg = Debug|Any CPU
		{B531DE6C-43E0-4AEF-A055-880BD8F8872F}.Debug|Any CPU.Build.0 = Debug|Any CPU
		{B531DE6C-43E0-4AEF-A055-880BD8F8872F}.Release|Any CPU.ActiveCfg = Release|Any CPU
		{B531DE6C-43E0-4AEF-A055-880BD8F8872F}.Release|Any CPU.Build.0 = Release|Any CPU
		{50F1B835-64FA-485C-AFB5-C9912F1DC464}.Debug|Any CPU.ActiveCfg = Debug|Any CPU
		{50F1B835-64FA-485C-AFB5-C9912F1DC464}.Debug|Any CPU.Build.0 = Debug|Any CPU
		{50F1B835-64FA-485C-AFB5-C9912F1DC464}.Release|Any CPU.ActiveCfg = Release|Any CPU
		{50F1B835-64FA-485C-AFB5-C9912F1DC464}.Release|Any CPU.Build.0 = Release|Any CPU
		{23670D63-EC9B-461B-A995-2CC8484E2DFD}.Debug|Any CPU.ActiveCfg = Debug|Any CPU
		{23670D63-EC9B-461B-A995-2CC8484E2DFD}.Debug|Any CPU.Build.0 = Debug|Any CPU
		{23670D63-EC9B-461B-A995-2CC8484E2DFD}.Release|Any CPU.ActiveCfg = Release|Any CPU
		{23670D63-EC9B-461B-A995-2CC8484E2DFD}.Release|Any CPU.Build.0 = Release|Any CPU
		{6F1F1582-28CD-4B9D-BC0C-E73F06EA6FCC}.Debug|Any CPU.ActiveCfg = Debug|Any CPU
		{6F1F1582-28CD-4B9D-BC0C-E73F06EA6FCC}.Debug|Any CPU.Build.0 = Debug|Any CPU
		{6F1F1582-28CD-4B9D-BC0C-E73F06EA6FCC}.Release|Any CPU.ActiveCfg = Release|Any CPU
		{6F1F1582-28CD-4B9D-BC0C-E73F06EA6FCC}.Release|Any CPU.Build.0 = Release|Any CPU
		{E9B0BDDF-4862-4DD5-B23B-739F289FDFA9}.Debug|Any CPU.ActiveCfg = Debug|Any CPU
		{E9B0BDDF-4862-4DD5-B23B-739F289FDFA9}.Debug|Any CPU.Build.0 = Debug|Any CPU
		{E9B0BDDF-4862-4DD5-B23B-739F289FDFA9}.Release|Any CPU.ActiveCfg = Release|Any CPU
		{E9B0BDDF-4862-4DD5-B23B-739F289FDFA9}.Release|Any CPU.Build.0 = Release|Any CPU
		{F737ADD4-F1AD-42EA-9995-88BF6587CA17}.Debug|Any CPU.ActiveCfg = Debug|Any CPU
		{F737ADD4-F1AD-42EA-9995-88BF6587CA17}.Debug|Any CPU.Build.0 = Debug|Any CPU
		{F737ADD4-F1AD-42EA-9995-88BF6587CA17}.Release|Any CPU.ActiveCfg = Release|Any CPU
		{F737ADD4-F1AD-42EA-9995-88BF6587CA17}.Release|Any CPU.Build.0 = Release|Any CPU
		{EDA82C9B-399E-4131-AEF4-6CDA3E3C813B}.Debug|Any CPU.ActiveCfg = Debug|Any CPU
		{EDA82C9B-399E-4131-AEF4-6CDA3E3C813B}.Debug|Any CPU.Build.0 = Debug|Any CPU
		{EDA82C9B-399E-4131-AEF4-6CDA3E3C813B}.Release|Any CPU.ActiveCfg = Release|Any CPU
		{EDA82C9B-399E-4131-AEF4-6CDA3E3C813B}.Release|Any CPU.Build.0 = Release|Any CPU
		{4D732CCA-AF2D-4D3B-8CCD-6AF74E7B5609}.Debug|Any CPU.ActiveCfg = Debug|Any CPU
		{4D732CCA-AF2D-4D3B-8CCD-6AF74E7B5609}.Debug|Any CPU.Build.0 = Debug|Any CPU
		{4D732CCA-AF2D-4D3B-8CCD-6AF74E7B5609}.Release|Any CPU.ActiveCfg = Release|Any CPU
		{4D732CCA-AF2D-4D3B-8CCD-6AF74E7B5609}.Release|Any CPU.Build.0 = Release|Any CPU
		{774F6D7B-C4D5-4A57-9DB7-254E2DE3C26C}.Debug|Any CPU.ActiveCfg = Debug|Any CPU
		{774F6D7B-C4D5-4A57-9DB7-254E2DE3C26C}.Debug|Any CPU.Build.0 = Debug|Any CPU
		{774F6D7B-C4D5-4A57-9DB7-254E2DE3C26C}.Release|Any CPU.ActiveCfg = Release|Any CPU
		{774F6D7B-C4D5-4A57-9DB7-254E2DE3C26C}.Release|Any CPU.Build.0 = Release|Any CPU
		{28C27673-6572-4BCC-8FEA-6CDF1E613CFF}.Debug|Any CPU.ActiveCfg = Debug|Any CPU
		{28C27673-6572-4BCC-8FEA-6CDF1E613CFF}.Debug|Any CPU.Build.0 = Debug|Any CPU
		{28C27673-6572-4BCC-8FEA-6CDF1E613CFF}.Release|Any CPU.ActiveCfg = Release|Any CPU
		{28C27673-6572-4BCC-8FEA-6CDF1E613CFF}.Release|Any CPU.Build.0 = Release|Any CPU
		{769F09F8-3A19-433F-8C45-21A042FEB7B1}.Debug|Any CPU.ActiveCfg = Debug|Any CPU
		{769F09F8-3A19-433F-8C45-21A042FEB7B1}.Debug|Any CPU.Build.0 = Debug|Any CPU
		{769F09F8-3A19-433F-8C45-21A042FEB7B1}.Release|Any CPU.ActiveCfg = Release|Any CPU
		{769F09F8-3A19-433F-8C45-21A042FEB7B1}.Release|Any CPU.Build.0 = Release|Any CPU
		{7538F30D-1BC6-4F83-984F-2D87A4BF5134}.Debug|Any CPU.ActiveCfg = Debug|Any CPU
		{7538F30D-1BC6-4F83-984F-2D87A4BF5134}.Debug|Any CPU.Build.0 = Debug|Any CPU
		{7538F30D-1BC6-4F83-984F-2D87A4BF5134}.Release|Any CPU.ActiveCfg = Release|Any CPU
		{7538F30D-1BC6-4F83-984F-2D87A4BF5134}.Release|Any CPU.Build.0 = Release|Any CPU
		{F87FAB51-EA73-4C05-A2DD-159941DD6263}.Debug|Any CPU.ActiveCfg = Debug|Any CPU
		{F87FAB51-EA73-4C05-A2DD-159941DD6263}.Debug|Any CPU.Build.0 = Debug|Any CPU
		{F87FAB51-EA73-4C05-A2DD-159941DD6263}.Release|Any CPU.ActiveCfg = Release|Any CPU
		{F87FAB51-EA73-4C05-A2DD-159941DD6263}.Release|Any CPU.Build.0 = Release|Any CPU
		{6C51A706-3A93-4F75-8E24-F17A8DFF29E4}.Debug|Any CPU.ActiveCfg = Debug|Any CPU
		{6C51A706-3A93-4F75-8E24-F17A8DFF29E4}.Debug|Any CPU.Build.0 = Debug|Any CPU
		{6C51A706-3A93-4F75-8E24-F17A8DFF29E4}.Release|Any CPU.ActiveCfg = Release|Any CPU
		{6C51A706-3A93-4F75-8E24-F17A8DFF29E4}.Release|Any CPU.Build.0 = Release|Any CPU
		{3B15C771-AC9A-4F3D-B574-1FDABFC1E5CD}.Debug|Any CPU.ActiveCfg = Debug|Any CPU
		{3B15C771-AC9A-4F3D-B574-1FDABFC1E5CD}.Debug|Any CPU.Build.0 = Debug|Any CPU
		{3B15C771-AC9A-4F3D-B574-1FDABFC1E5CD}.Release|Any CPU.ActiveCfg = Release|Any CPU
		{3B15C771-AC9A-4F3D-B574-1FDABFC1E5CD}.Release|Any CPU.Build.0 = Release|Any CPU
		{C8EF7951-DFB2-4D73-BAD5-818B645E8124}.Debug|Any CPU.ActiveCfg = Debug|Any CPU
		{C8EF7951-DFB2-4D73-BAD5-818B645E8124}.Debug|Any CPU.Build.0 = Debug|Any CPU
		{C8EF7951-DFB2-4D73-BAD5-818B645E8124}.Release|Any CPU.ActiveCfg = Release|Any CPU
		{C8EF7951-DFB2-4D73-BAD5-818B645E8124}.Release|Any CPU.Build.0 = Release|Any CPU
		{7028552F-C098-4721-856F-7692B3C067B6}.Debug|Any CPU.ActiveCfg = Debug|Any CPU
		{7028552F-C098-4721-856F-7692B3C067B6}.Debug|Any CPU.Build.0 = Debug|Any CPU
		{7028552F-C098-4721-856F-7692B3C067B6}.Release|Any CPU.ActiveCfg = Release|Any CPU
		{7028552F-C098-4721-856F-7692B3C067B6}.Release|Any CPU.Build.0 = Release|Any CPU
		{7E77B926-5B31-4EE8-80F3-E132193E5848}.Debug|Any CPU.ActiveCfg = Debug|Any CPU
		{7E77B926-5B31-4EE8-80F3-E132193E5848}.Debug|Any CPU.Build.0 = Debug|Any CPU
		{7E77B926-5B31-4EE8-80F3-E132193E5848}.Release|Any CPU.ActiveCfg = Release|Any CPU
		{7E77B926-5B31-4EE8-80F3-E132193E5848}.Release|Any CPU.Build.0 = Release|Any CPU
		{F5417385-5DC4-4B6C-AF88-A63A6BCD0C6F}.Debug|Any CPU.ActiveCfg = Debug|Any CPU
		{F5417385-5DC4-4B6C-AF88-A63A6BCD0C6F}.Debug|Any CPU.Build.0 = Debug|Any CPU
		{F5417385-5DC4-4B6C-AF88-A63A6BCD0C6F}.Release|Any CPU.ActiveCfg = Release|Any CPU
		{F5417385-5DC4-4B6C-AF88-A63A6BCD0C6F}.Release|Any CPU.Build.0 = Release|Any CPU
		{59AF8005-FDA1-4110-9090-B5D81550604E}.Debug|Any CPU.ActiveCfg = Debug|Any CPU
		{59AF8005-FDA1-4110-9090-B5D81550604E}.Debug|Any CPU.Build.0 = Debug|Any CPU
		{59AF8005-FDA1-4110-9090-B5D81550604E}.Release|Any CPU.ActiveCfg = Release|Any CPU
		{59AF8005-FDA1-4110-9090-B5D81550604E}.Release|Any CPU.Build.0 = Release|Any CPU
		{68A9AD49-6B2A-48C8-A297-579ECE561765}.Debug|Any CPU.ActiveCfg = Debug|Any CPU
		{68A9AD49-6B2A-48C8-A297-579ECE561765}.Debug|Any CPU.Build.0 = Debug|Any CPU
		{68A9AD49-6B2A-48C8-A297-579ECE561765}.Release|Any CPU.ActiveCfg = Release|Any CPU
		{68A9AD49-6B2A-48C8-A297-579ECE561765}.Release|Any CPU.Build.0 = Release|Any CPU
		{B8505A60-63BE-4ED0-8407-061D20E32488}.Debug|Any CPU.ActiveCfg = Debug|Any CPU
		{B8505A60-63BE-4ED0-8407-061D20E32488}.Debug|Any CPU.Build.0 = Debug|Any CPU
		{B8505A60-63BE-4ED0-8407-061D20E32488}.Release|Any CPU.ActiveCfg = Release|Any CPU
		{B8505A60-63BE-4ED0-8407-061D20E32488}.Release|Any CPU.Build.0 = Release|Any CPU
		{E37AD0E9-9862-4CFF-9667-A276901CE555}.Debug|Any CPU.ActiveCfg = Debug|Any CPU
		{E37AD0E9-9862-4CFF-9667-A276901CE555}.Debug|Any CPU.Build.0 = Debug|Any CPU
		{E37AD0E9-9862-4CFF-9667-A276901CE555}.Release|Any CPU.ActiveCfg = Release|Any CPU
		{E37AD0E9-9862-4CFF-9667-A276901CE555}.Release|Any CPU.Build.0 = Release|Any CPU
		{BBB4FD96-4906-4196-AED8-D33361D5A77C}.Debug|Any CPU.ActiveCfg = Debug|Any CPU
		{BBB4FD96-4906-4196-AED8-D33361D5A77C}.Debug|Any CPU.Build.0 = Debug|Any CPU
		{BBB4FD96-4906-4196-AED8-D33361D5A77C}.Release|Any CPU.ActiveCfg = Release|Any CPU
		{BBB4FD96-4906-4196-AED8-D33361D5A77C}.Release|Any CPU.Build.0 = Release|Any CPU
		{1F489491-62A3-4FFD-BF06-920A6961A0C7}.Debug|Any CPU.ActiveCfg = Debug|Any CPU
		{1F489491-62A3-4FFD-BF06-920A6961A0C7}.Debug|Any CPU.Build.0 = Debug|Any CPU
		{1F489491-62A3-4FFD-BF06-920A6961A0C7}.Release|Any CPU.ActiveCfg = Release|Any CPU
		{1F489491-62A3-4FFD-BF06-920A6961A0C7}.Release|Any CPU.Build.0 = Release|Any CPU
		{4D02D7C7-FBB1-41A9-830D-8C49570CB448}.Debug|Any CPU.ActiveCfg = Debug|Any CPU
		{4D02D7C7-FBB1-41A9-830D-8C49570CB448}.Debug|Any CPU.Build.0 = Debug|Any CPU
		{4D02D7C7-FBB1-41A9-830D-8C49570CB448}.Release|Any CPU.ActiveCfg = Release|Any CPU
		{4D02D7C7-FBB1-41A9-830D-8C49570CB448}.Release|Any CPU.Build.0 = Release|Any CPU
		{B1E52E5E-E095-4B59-B16F-DBC3EA42A520}.Debug|Any CPU.ActiveCfg = Debug|Any CPU
		{B1E52E5E-E095-4B59-B16F-DBC3EA42A520}.Debug|Any CPU.Build.0 = Debug|Any CPU
		{B1E52E5E-E095-4B59-B16F-DBC3EA42A520}.Release|Any CPU.ActiveCfg = Release|Any CPU
		{B1E52E5E-E095-4B59-B16F-DBC3EA42A520}.Release|Any CPU.Build.0 = Release|Any CPU
		{E64E2B70-897E-4D82-9162-D8B08998FFB1}.Debug|Any CPU.ActiveCfg = Debug|Any CPU
		{E64E2B70-897E-4D82-9162-D8B08998FFB1}.Debug|Any CPU.Build.0 = Debug|Any CPU
		{E64E2B70-897E-4D82-9162-D8B08998FFB1}.Release|Any CPU.ActiveCfg = Release|Any CPU
		{E64E2B70-897E-4D82-9162-D8B08998FFB1}.Release|Any CPU.Build.0 = Release|Any CPU
		{62EECF6C-4CF2-44CD-85AB-C60AE3BCEF04}.Debug|Any CPU.ActiveCfg = Debug|Any CPU
		{62EECF6C-4CF2-44CD-85AB-C60AE3BCEF04}.Debug|Any CPU.Build.0 = Debug|Any CPU
		{62EECF6C-4CF2-44CD-85AB-C60AE3BCEF04}.Release|Any CPU.ActiveCfg = Release|Any CPU
		{62EECF6C-4CF2-44CD-85AB-C60AE3BCEF04}.Release|Any CPU.Build.0 = Release|Any CPU
		{9B4A7479-3441-4692-8CA9-D5FF6902EC04}.Debug|Any CPU.ActiveCfg = Debug|Any CPU
		{9B4A7479-3441-4692-8CA9-D5FF6902EC04}.Debug|Any CPU.Build.0 = Debug|Any CPU
		{9B4A7479-3441-4692-8CA9-D5FF6902EC04}.Release|Any CPU.ActiveCfg = Release|Any CPU
		{9B4A7479-3441-4692-8CA9-D5FF6902EC04}.Release|Any CPU.Build.0 = Release|Any CPU
		{352F31D4-A8C1-493D-AC94-B99D9E371D95}.Debug|Any CPU.ActiveCfg = Debug|Any CPU
		{352F31D4-A8C1-493D-AC94-B99D9E371D95}.Debug|Any CPU.Build.0 = Debug|Any CPU
		{352F31D4-A8C1-493D-AC94-B99D9E371D95}.Release|Any CPU.ActiveCfg = Release|Any CPU
		{352F31D4-A8C1-493D-AC94-B99D9E371D95}.Release|Any CPU.Build.0 = Release|Any CPU
		{B0988CC9-DF41-4C29-9CF3-1AE38BDC7F2F}.Debug|Any CPU.ActiveCfg = Debug|Any CPU
		{B0988CC9-DF41-4C29-9CF3-1AE38BDC7F2F}.Debug|Any CPU.Build.0 = Debug|Any CPU
		{B0988CC9-DF41-4C29-9CF3-1AE38BDC7F2F}.Release|Any CPU.ActiveCfg = Release|Any CPU
		{B0988CC9-DF41-4C29-9CF3-1AE38BDC7F2F}.Release|Any CPU.Build.0 = Release|Any CPU
		{236531E7-8F70-4C37-99EB-DACBBC010C61}.Debug|Any CPU.ActiveCfg = Debug|Any CPU
		{236531E7-8F70-4C37-99EB-DACBBC010C61}.Debug|Any CPU.Build.0 = Debug|Any CPU
		{236531E7-8F70-4C37-99EB-DACBBC010C61}.Release|Any CPU.ActiveCfg = Release|Any CPU
		{236531E7-8F70-4C37-99EB-DACBBC010C61}.Release|Any CPU.Build.0 = Release|Any CPU
		{33B8934B-2337-419E-8481-E5A69D03C61E}.Debug|Any CPU.ActiveCfg = Debug|Any CPU
		{33B8934B-2337-419E-8481-E5A69D03C61E}.Debug|Any CPU.Build.0 = Debug|Any CPU
		{33B8934B-2337-419E-8481-E5A69D03C61E}.Release|Any CPU.ActiveCfg = Release|Any CPU
		{33B8934B-2337-419E-8481-E5A69D03C61E}.Release|Any CPU.Build.0 = Release|Any CPU
		{6C60726C-7621-4E7B-820C-9ECA6E2B9032}.Debug|Any CPU.ActiveCfg = Debug|Any CPU
		{6C60726C-7621-4E7B-820C-9ECA6E2B9032}.Debug|Any CPU.Build.0 = Debug|Any CPU
		{6C60726C-7621-4E7B-820C-9ECA6E2B9032}.Release|Any CPU.ActiveCfg = Release|Any CPU
		{6C60726C-7621-4E7B-820C-9ECA6E2B9032}.Release|Any CPU.Build.0 = Release|Any CPU
		{6745447C-0F59-4E84-88E9-4BAC3BA380DF}.Debug|Any CPU.ActiveCfg = Debug|Any CPU
		{6745447C-0F59-4E84-88E9-4BAC3BA380DF}.Debug|Any CPU.Build.0 = Debug|Any CPU
		{6745447C-0F59-4E84-88E9-4BAC3BA380DF}.Release|Any CPU.ActiveCfg = Release|Any CPU
		{6745447C-0F59-4E84-88E9-4BAC3BA380DF}.Release|Any CPU.Build.0 = Release|Any CPU
		{42266693-3F34-4407-99D6-CA4700ECC1B7}.Debug|Any CPU.ActiveCfg = Debug|Any CPU
		{42266693-3F34-4407-99D6-CA4700ECC1B7}.Debug|Any CPU.Build.0 = Debug|Any CPU
		{42266693-3F34-4407-99D6-CA4700ECC1B7}.Release|Any CPU.ActiveCfg = Release|Any CPU
		{42266693-3F34-4407-99D6-CA4700ECC1B7}.Release|Any CPU.Build.0 = Release|Any CPU
		{F6AB7418-B705-4BE3-9E03-C7CEEF4E3B13}.Debug|Any CPU.ActiveCfg = Debug|Any CPU
		{F6AB7418-B705-4BE3-9E03-C7CEEF4E3B13}.Debug|Any CPU.Build.0 = Debug|Any CPU
		{F6AB7418-B705-4BE3-9E03-C7CEEF4E3B13}.Release|Any CPU.ActiveCfg = Release|Any CPU
		{F6AB7418-B705-4BE3-9E03-C7CEEF4E3B13}.Release|Any CPU.Build.0 = Release|Any CPU
		{B00BBCD8-24D9-40A1-8781-A30A8D08256F}.Debug|Any CPU.ActiveCfg = Debug|Any CPU
		{B00BBCD8-24D9-40A1-8781-A30A8D08256F}.Debug|Any CPU.Build.0 = Debug|Any CPU
		{B00BBCD8-24D9-40A1-8781-A30A8D08256F}.Release|Any CPU.ActiveCfg = Release|Any CPU
		{B00BBCD8-24D9-40A1-8781-A30A8D08256F}.Release|Any CPU.Build.0 = Release|Any CPU
		{321196F0-9E69-4D2A-AB95-F272C78E9D28}.Debug|Any CPU.ActiveCfg = Debug|Any CPU
		{321196F0-9E69-4D2A-AB95-F272C78E9D28}.Debug|Any CPU.Build.0 = Debug|Any CPU
		{321196F0-9E69-4D2A-AB95-F272C78E9D28}.Release|Any CPU.ActiveCfg = Release|Any CPU
		{321196F0-9E69-4D2A-AB95-F272C78E9D28}.Release|Any CPU.Build.0 = Release|Any CPU
		{66E98966-657A-4CC0-B490-E1977E7E6D04}.Debug|Any CPU.ActiveCfg = Debug|Any CPU
		{66E98966-657A-4CC0-B490-E1977E7E6D04}.Debug|Any CPU.Build.0 = Debug|Any CPU
		{66E98966-657A-4CC0-B490-E1977E7E6D04}.Release|Any CPU.ActiveCfg = Release|Any CPU
		{66E98966-657A-4CC0-B490-E1977E7E6D04}.Release|Any CPU.Build.0 = Release|Any CPU
		{48E42128-F985-4B49-A207-BFCD83E5404A}.Debug|Any CPU.ActiveCfg = Debug|Any CPU
		{48E42128-F985-4B49-A207-BFCD83E5404A}.Debug|Any CPU.Build.0 = Debug|Any CPU
		{48E42128-F985-4B49-A207-BFCD83E5404A}.Release|Any CPU.ActiveCfg = Release|Any CPU
		{48E42128-F985-4B49-A207-BFCD83E5404A}.Release|Any CPU.Build.0 = Release|Any CPU
		{FBAA5E6E-4F89-4E1D-B768-CE2FB171F06C}.Debug|Any CPU.ActiveCfg = Debug|Any CPU
		{FBAA5E6E-4F89-4E1D-B768-CE2FB171F06C}.Debug|Any CPU.Build.0 = Debug|Any CPU
		{FBAA5E6E-4F89-4E1D-B768-CE2FB171F06C}.Release|Any CPU.ActiveCfg = Release|Any CPU
		{FBAA5E6E-4F89-4E1D-B768-CE2FB171F06C}.Release|Any CPU.Build.0 = Release|Any CPU
		{349DF8DC-44A3-47F5-B0D2-4A150DA0034A}.Debug|Any CPU.ActiveCfg = Debug|Any CPU
		{349DF8DC-44A3-47F5-B0D2-4A150DA0034A}.Debug|Any CPU.Build.0 = Debug|Any CPU
		{349DF8DC-44A3-47F5-B0D2-4A150DA0034A}.Release|Any CPU.ActiveCfg = Release|Any CPU
		{349DF8DC-44A3-47F5-B0D2-4A150DA0034A}.Release|Any CPU.Build.0 = Release|Any CPU
		{6C32861C-59C0-477F-AF89-830293B718C4}.Debug|Any CPU.ActiveCfg = Debug|Any CPU
		{6C32861C-59C0-477F-AF89-830293B718C4}.Debug|Any CPU.Build.0 = Debug|Any CPU
		{6C32861C-59C0-477F-AF89-830293B718C4}.Release|Any CPU.ActiveCfg = Release|Any CPU
		{6C32861C-59C0-477F-AF89-830293B718C4}.Release|Any CPU.Build.0 = Release|Any CPU
		{DD2D9E1E-573F-4435-97D3-3E9C2CCEB9DF}.Debug|Any CPU.ActiveCfg = Debug|Any CPU
		{DD2D9E1E-573F-4435-97D3-3E9C2CCEB9DF}.Debug|Any CPU.Build.0 = Debug|Any CPU
		{DD2D9E1E-573F-4435-97D3-3E9C2CCEB9DF}.Release|Any CPU.ActiveCfg = Release|Any CPU
		{DD2D9E1E-573F-4435-97D3-3E9C2CCEB9DF}.Release|Any CPU.Build.0 = Release|Any CPU
		{1F63E713-4DBA-4460-B073-602C6E71DA3D}.Debug|Any CPU.ActiveCfg = Debug|Any CPU
		{1F63E713-4DBA-4460-B073-602C6E71DA3D}.Debug|Any CPU.Build.0 = Debug|Any CPU
		{1F63E713-4DBA-4460-B073-602C6E71DA3D}.Release|Any CPU.ActiveCfg = Release|Any CPU
		{1F63E713-4DBA-4460-B073-602C6E71DA3D}.Release|Any CPU.Build.0 = Release|Any CPU
		{5F029BFC-23C6-4986-A7AF-80ACC8600F87}.Debug|Any CPU.ActiveCfg = Debug|Any CPU
		{5F029BFC-23C6-4986-A7AF-80ACC8600F87}.Debug|Any CPU.Build.0 = Debug|Any CPU
		{5F029BFC-23C6-4986-A7AF-80ACC8600F87}.Release|Any CPU.ActiveCfg = Release|Any CPU
		{5F029BFC-23C6-4986-A7AF-80ACC8600F87}.Release|Any CPU.Build.0 = Release|Any CPU
		{7B273ABF-2A52-45AD-A4E9-391A0CD37B38}.Debug|Any CPU.ActiveCfg = Debug|Any CPU
		{7B273ABF-2A52-45AD-A4E9-391A0CD37B38}.Debug|Any CPU.Build.0 = Debug|Any CPU
		{7B273ABF-2A52-45AD-A4E9-391A0CD37B38}.Release|Any CPU.ActiveCfg = Release|Any CPU
		{7B273ABF-2A52-45AD-A4E9-391A0CD37B38}.Release|Any CPU.Build.0 = Release|Any CPU
		{3B834FCA-8F44-4A0F-B981-354F925530D4}.Debug|Any CPU.ActiveCfg = Debug|Any CPU
		{3B834FCA-8F44-4A0F-B981-354F925530D4}.Debug|Any CPU.Build.0 = Debug|Any CPU
		{3B834FCA-8F44-4A0F-B981-354F925530D4}.Release|Any CPU.ActiveCfg = Release|Any CPU
		{3B834FCA-8F44-4A0F-B981-354F925530D4}.Release|Any CPU.Build.0 = Release|Any CPU
		{CF614B94-5831-4830-B4EF-4343546E1878}.Debug|Any CPU.ActiveCfg = Debug|Any CPU
		{CF614B94-5831-4830-B4EF-4343546E1878}.Debug|Any CPU.Build.0 = Debug|Any CPU
		{CF614B94-5831-4830-B4EF-4343546E1878}.Release|Any CPU.ActiveCfg = Release|Any CPU
		{CF614B94-5831-4830-B4EF-4343546E1878}.Release|Any CPU.Build.0 = Release|Any CPU
		{4DBEF488-14DE-4F51-99F6-78A077367F7E}.Debug|Any CPU.ActiveCfg = Debug|Any CPU
		{4DBEF488-14DE-4F51-99F6-78A077367F7E}.Debug|Any CPU.Build.0 = Debug|Any CPU
		{4DBEF488-14DE-4F51-99F6-78A077367F7E}.Release|Any CPU.ActiveCfg = Release|Any CPU
		{4DBEF488-14DE-4F51-99F6-78A077367F7E}.Release|Any CPU.Build.0 = Release|Any CPU
		{CF39161A-331E-461B-9FDF-F7712FA54DFF}.Debug|Any CPU.ActiveCfg = Debug|Any CPU
		{CF39161A-331E-461B-9FDF-F7712FA54DFF}.Debug|Any CPU.Build.0 = Debug|Any CPU
		{CF39161A-331E-461B-9FDF-F7712FA54DFF}.Release|Any CPU.ActiveCfg = Release|Any CPU
		{CF39161A-331E-461B-9FDF-F7712FA54DFF}.Release|Any CPU.Build.0 = Release|Any CPU
		{FE0F1783-2904-4930-8AA5-FBFA0A7C54D2}.Debug|Any CPU.ActiveCfg = Debug|Any CPU
		{FE0F1783-2904-4930-8AA5-FBFA0A7C54D2}.Debug|Any CPU.Build.0 = Debug|Any CPU
		{FE0F1783-2904-4930-8AA5-FBFA0A7C54D2}.Release|Any CPU.ActiveCfg = Release|Any CPU
		{FE0F1783-2904-4930-8AA5-FBFA0A7C54D2}.Release|Any CPU.Build.0 = Release|Any CPU
		{0E696D40-B09C-4EE0-A049-D2650D90F65C}.Debug|Any CPU.ActiveCfg = Debug|Any CPU
		{0E696D40-B09C-4EE0-A049-D2650D90F65C}.Debug|Any CPU.Build.0 = Debug|Any CPU
		{0E696D40-B09C-4EE0-A049-D2650D90F65C}.Release|Any CPU.ActiveCfg = Release|Any CPU
		{0E696D40-B09C-4EE0-A049-D2650D90F65C}.Release|Any CPU.Build.0 = Release|Any CPU
		{34523D5F-6A3F-4C17-B321-7C2098AE0FE8}.Debug|Any CPU.ActiveCfg = Debug|Any CPU
		{34523D5F-6A3F-4C17-B321-7C2098AE0FE8}.Debug|Any CPU.Build.0 = Debug|Any CPU
		{34523D5F-6A3F-4C17-B321-7C2098AE0FE8}.Release|Any CPU.ActiveCfg = Release|Any CPU
		{34523D5F-6A3F-4C17-B321-7C2098AE0FE8}.Release|Any CPU.Build.0 = Release|Any CPU
		{3ECB5C9B-FA0F-41D1-B061-46ACAA4A39FC}.Debug|Any CPU.ActiveCfg = Debug|Any CPU
		{3ECB5C9B-FA0F-41D1-B061-46ACAA4A39FC}.Debug|Any CPU.Build.0 = Debug|Any CPU
		{3ECB5C9B-FA0F-41D1-B061-46ACAA4A39FC}.Release|Any CPU.ActiveCfg = Release|Any CPU
		{3ECB5C9B-FA0F-41D1-B061-46ACAA4A39FC}.Release|Any CPU.Build.0 = Release|Any CPU
		{963CC185-ECDF-452E-9EDF-3E46F7E97412}.Debug|Any CPU.ActiveCfg = Debug|Any CPU
		{963CC185-ECDF-452E-9EDF-3E46F7E97412}.Debug|Any CPU.Build.0 = Debug|Any CPU
		{963CC185-ECDF-452E-9EDF-3E46F7E97412}.Release|Any CPU.ActiveCfg = Release|Any CPU
		{963CC185-ECDF-452E-9EDF-3E46F7E97412}.Release|Any CPU.Build.0 = Release|Any CPU
		{1CC7A3F7-6A19-45D7-89DE-8EA22C861A39}.Debug|Any CPU.ActiveCfg = Debug|Any CPU
		{1CC7A3F7-6A19-45D7-89DE-8EA22C861A39}.Debug|Any CPU.Build.0 = Debug|Any CPU
		{1CC7A3F7-6A19-45D7-89DE-8EA22C861A39}.Release|Any CPU.ActiveCfg = Release|Any CPU
		{1CC7A3F7-6A19-45D7-89DE-8EA22C861A39}.Release|Any CPU.Build.0 = Release|Any CPU
		{910F42FB-F2B1-445E-AADC-CA775309B05C}.Debug|Any CPU.ActiveCfg = Debug|Any CPU
		{910F42FB-F2B1-445E-AADC-CA775309B05C}.Debug|Any CPU.Build.0 = Debug|Any CPU
		{910F42FB-F2B1-445E-AADC-CA775309B05C}.Release|Any CPU.ActiveCfg = Release|Any CPU
		{910F42FB-F2B1-445E-AADC-CA775309B05C}.Release|Any CPU.Build.0 = Release|Any CPU
		{27A37E70-F085-4D78-AED2-C7AB886CB928}.Debug|Any CPU.ActiveCfg = Debug|Any CPU
		{27A37E70-F085-4D78-AED2-C7AB886CB928}.Debug|Any CPU.Build.0 = Debug|Any CPU
		{27A37E70-F085-4D78-AED2-C7AB886CB928}.Release|Any CPU.ActiveCfg = Release|Any CPU
		{27A37E70-F085-4D78-AED2-C7AB886CB928}.Release|Any CPU.Build.0 = Release|Any CPU
		{D228F641-1E51-4C6C-83F1-81C3B8042FED}.Debug|Any CPU.ActiveCfg = Debug|Any CPU
		{D228F641-1E51-4C6C-83F1-81C3B8042FED}.Debug|Any CPU.Build.0 = Debug|Any CPU
		{D228F641-1E51-4C6C-83F1-81C3B8042FED}.Release|Any CPU.ActiveCfg = Release|Any CPU
		{D228F641-1E51-4C6C-83F1-81C3B8042FED}.Release|Any CPU.Build.0 = Release|Any CPU
		{5487ADB0-7588-4CE1-8975-9D81003BE824}.Debug|Any CPU.ActiveCfg = Debug|Any CPU
		{5487ADB0-7588-4CE1-8975-9D81003BE824}.Debug|Any CPU.Build.0 = Debug|Any CPU
		{5487ADB0-7588-4CE1-8975-9D81003BE824}.Release|Any CPU.ActiveCfg = Release|Any CPU
		{5487ADB0-7588-4CE1-8975-9D81003BE824}.Release|Any CPU.Build.0 = Release|Any CPU
		{9356A424-818A-4F4F-A636-80726082BB6E}.Debug|Any CPU.ActiveCfg = Debug|Any CPU
		{9356A424-818A-4F4F-A636-80726082BB6E}.Debug|Any CPU.Build.0 = Debug|Any CPU
		{9356A424-818A-4F4F-A636-80726082BB6E}.Release|Any CPU.ActiveCfg = Release|Any CPU
		{9356A424-818A-4F4F-A636-80726082BB6E}.Release|Any CPU.Build.0 = Release|Any CPU
		{852C0450-4DD0-4FAB-9268-7817BBA1650D}.Debug|Any CPU.ActiveCfg = Debug|Any CPU
		{852C0450-4DD0-4FAB-9268-7817BBA1650D}.Debug|Any CPU.Build.0 = Debug|Any CPU
		{852C0450-4DD0-4FAB-9268-7817BBA1650D}.Release|Any CPU.ActiveCfg = Release|Any CPU
		{852C0450-4DD0-4FAB-9268-7817BBA1650D}.Release|Any CPU.Build.0 = Release|Any CPU
		{9D22113B-BE56-4E69-9675-F8E8C7BD9526}.Debug|Any CPU.ActiveCfg = Debug|Any CPU
		{9D22113B-BE56-4E69-9675-F8E8C7BD9526}.Debug|Any CPU.Build.0 = Debug|Any CPU
		{9D22113B-BE56-4E69-9675-F8E8C7BD9526}.Release|Any CPU.ActiveCfg = Release|Any CPU
		{9D22113B-BE56-4E69-9675-F8E8C7BD9526}.Release|Any CPU.Build.0 = Release|Any CPU
		{BD51CF6A-EA25-47D2-8C92-C2B03EEBC77D}.Debug|Any CPU.ActiveCfg = Debug|Any CPU
		{BD51CF6A-EA25-47D2-8C92-C2B03EEBC77D}.Debug|Any CPU.Build.0 = Debug|Any CPU
		{BD51CF6A-EA25-47D2-8C92-C2B03EEBC77D}.Release|Any CPU.ActiveCfg = Release|Any CPU
		{BD51CF6A-EA25-47D2-8C92-C2B03EEBC77D}.Release|Any CPU.Build.0 = Release|Any CPU
		{DD1F0D81-269D-45A1-827E-4885675D999A}.Debug|Any CPU.ActiveCfg = Debug|Any CPU
		{DD1F0D81-269D-45A1-827E-4885675D999A}.Debug|Any CPU.Build.0 = Debug|Any CPU
		{DD1F0D81-269D-45A1-827E-4885675D999A}.Release|Any CPU.ActiveCfg = Release|Any CPU
		{DD1F0D81-269D-45A1-827E-4885675D999A}.Release|Any CPU.Build.0 = Release|Any CPU
		{D12D13EE-81EE-4416-B4C0-75BAFD665F10}.Debug|Any CPU.ActiveCfg = Debug|Any CPU
		{D12D13EE-81EE-4416-B4C0-75BAFD665F10}.Debug|Any CPU.Build.0 = Debug|Any CPU
		{D12D13EE-81EE-4416-B4C0-75BAFD665F10}.Release|Any CPU.ActiveCfg = Release|Any CPU
		{D12D13EE-81EE-4416-B4C0-75BAFD665F10}.Release|Any CPU.Build.0 = Release|Any CPU
		{51935105-D112-4F20-8B81-94F692D6BF87}.Debug|Any CPU.ActiveCfg = Debug|Any CPU
		{51935105-D112-4F20-8B81-94F692D6BF87}.Debug|Any CPU.Build.0 = Debug|Any CPU
		{51935105-D112-4F20-8B81-94F692D6BF87}.Release|Any CPU.ActiveCfg = Release|Any CPU
		{51935105-D112-4F20-8B81-94F692D6BF87}.Release|Any CPU.Build.0 = Release|Any CPU
		{630BFA0C-0ED2-4BAC-A1D7-56E18836D497}.Debug|Any CPU.ActiveCfg = Debug|Any CPU
		{630BFA0C-0ED2-4BAC-A1D7-56E18836D497}.Debug|Any CPU.Build.0 = Debug|Any CPU
		{630BFA0C-0ED2-4BAC-A1D7-56E18836D497}.Release|Any CPU.ActiveCfg = Release|Any CPU
		{630BFA0C-0ED2-4BAC-A1D7-56E18836D497}.Release|Any CPU.Build.0 = Release|Any CPU
		{BF71D5A0-0DED-4F17-8BA0-BB51EDC4FEC3}.Debug|Any CPU.ActiveCfg = Debug|Any CPU
		{BF71D5A0-0DED-4F17-8BA0-BB51EDC4FEC3}.Debug|Any CPU.Build.0 = Debug|Any CPU
		{BF71D5A0-0DED-4F17-8BA0-BB51EDC4FEC3}.Release|Any CPU.ActiveCfg = Release|Any CPU
		{BF71D5A0-0DED-4F17-8BA0-BB51EDC4FEC3}.Release|Any CPU.Build.0 = Release|Any CPU
		{B30C3761-20BB-4FDD-8C0E-C079F0F1C81B}.Debug|Any CPU.ActiveCfg = Debug|Any CPU
		{B30C3761-20BB-4FDD-8C0E-C079F0F1C81B}.Debug|Any CPU.Build.0 = Debug|Any CPU
		{B30C3761-20BB-4FDD-8C0E-C079F0F1C81B}.Release|Any CPU.ActiveCfg = Release|Any CPU
		{B30C3761-20BB-4FDD-8C0E-C079F0F1C81B}.Release|Any CPU.Build.0 = Release|Any CPU
		{FD515FCC-1C24-43A1-BEE2-1F5A18C32A99}.Debug|Any CPU.ActiveCfg = Debug|Any CPU
		{FD515FCC-1C24-43A1-BEE2-1F5A18C32A99}.Debug|Any CPU.Build.0 = Debug|Any CPU
		{FD515FCC-1C24-43A1-BEE2-1F5A18C32A99}.Release|Any CPU.ActiveCfg = Release|Any CPU
		{FD515FCC-1C24-43A1-BEE2-1F5A18C32A99}.Release|Any CPU.Build.0 = Release|Any CPU
	EndGlobalSection
	GlobalSection(SolutionProperties) = preSolution
		HideSolutionNode = FALSE
	EndGlobalSection
	GlobalSection(NestedProjects) = preSolution
		{E059AAC7-6397-4F69-9E80-B3B283CF73E3} = {D126048F-5089-402A-8BB6-795C96E9F838}
		{44EB864D-4403-46CE-9509-1CE43D74EC1C} = {D126048F-5089-402A-8BB6-795C96E9F838}
		{E4A43284-A654-440C-AB37-5D9E7DC1B5E6} = {1C684018-A1F9-41E2-9193-0BFF45D2E4A7}
		{B408C403-4FDB-4BBC-8F8E-721684BB34AA} = {1C684018-A1F9-41E2-9193-0BFF45D2E4A7}
		{9D76DDE9-28E6-4490-ACEC-BF4A550D6815} = {1C684018-A1F9-41E2-9193-0BFF45D2E4A7}
		{3D886F44-2659-4FAC-BC76-D61874DEB4C8} = {1C684018-A1F9-41E2-9193-0BFF45D2E4A7}
		{AB38FAB2-719F-46EB-A1BA-214E7B9EDF7A} = {1FEA39C4-A182-41F6-A871-429939F6CE96}
		{D1F29CC1-FB09-4399-947F-09D875DED7B0} = {1FEA39C4-A182-41F6-A871-429939F6CE96}
		{709EAC84-6C61-40FD-8205-DC0399A95A63} = {1FEA39C4-A182-41F6-A871-429939F6CE96}
		{B619FA88-65ED-4913-B0E2-F2D1339AC55C} = {3D886F44-2659-4FAC-BC76-D61874DEB4C8}
		{ACDA6E9A-BC44-429A-928E-A5F74EEAC5E9} = {BD27846C-C833-49C7-A604-2A2B929CE5AD}
		{52528642-08EB-4D46-9B86-4E31F99211C0} = {7E0FEA32-71EB-4318-8FE5-87B0DB219A52}
		{3270210D-2379-49C4-9390-00D93807AC92} = {7E0FEA32-71EB-4318-8FE5-87B0DB219A52}
		{C55047F9-B0C9-4A17-9666-7F979467B2B8} = {D9E0F80C-4A48-46D1-A625-BC20E6B18A5B}
		{B226E087-B38C-49D6-B8CE-AA0CE2639FD7} = {BD27846C-C833-49C7-A604-2A2B929CE5AD}
		{759FEDB1-C8C1-4F14-87F4-0E7876B820F0} = {7E0FEA32-71EB-4318-8FE5-87B0DB219A52}
		{4E764DEC-98EC-4BB5-AE02-F61E17F08D54} = {1FEA39C4-A182-41F6-A871-429939F6CE96}
		{B531DE6C-43E0-4AEF-A055-880BD8F8872F} = {BD27846C-C833-49C7-A604-2A2B929CE5AD}
		{50F1B835-64FA-485C-AFB5-C9912F1DC464} = {1C684018-A1F9-41E2-9193-0BFF45D2E4A7}
		{23670D63-EC9B-461B-A995-2CC8484E2DFD} = {D9E0F80C-4A48-46D1-A625-BC20E6B18A5B}
		{E9B0BDDF-4862-4DD5-B23B-739F289FDFA9} = {745CA58E-485E-4C54-9098-25F2ED4E0315}
		{F737ADD4-F1AD-42EA-9995-88BF6587CA17} = {745CA58E-485E-4C54-9098-25F2ED4E0315}
		{EDA82C9B-399E-4131-AEF4-6CDA3E3C813B} = {745CA58E-485E-4C54-9098-25F2ED4E0315}
		{4D732CCA-AF2D-4D3B-8CCD-6AF74E7B5609} = {745CA58E-485E-4C54-9098-25F2ED4E0315}
		{774F6D7B-C4D5-4A57-9DB7-254E2DE3C26C} = {745CA58E-485E-4C54-9098-25F2ED4E0315}
		{28C27673-6572-4BCC-8FEA-6CDF1E613CFF} = {745CA58E-485E-4C54-9098-25F2ED4E0315}
		{769F09F8-3A19-433F-8C45-21A042FEB7B1} = {745CA58E-485E-4C54-9098-25F2ED4E0315}
		{F87FAB51-EA73-4C05-A2DD-159941DD6263} = {3D886F44-2659-4FAC-BC76-D61874DEB4C8}
		{6C51A706-3A93-4F75-8E24-F17A8DFF29E4} = {D126048F-5089-402A-8BB6-795C96E9F838}
		{3B15C771-AC9A-4F3D-B574-1FDABFC1E5CD} = {1FEA39C4-A182-41F6-A871-429939F6CE96}
		{18ECC42F-57EB-43B1-B1DF-0DD4B25AA604} = {1C684018-A1F9-41E2-9193-0BFF45D2E4A7}
		{C8EF7951-DFB2-4D73-BAD5-818B645E8124} = {18ECC42F-57EB-43B1-B1DF-0DD4B25AA604}
		{7028552F-C098-4721-856F-7692B3C067B6} = {18ECC42F-57EB-43B1-B1DF-0DD4B25AA604}
		{F5417385-5DC4-4B6C-AF88-A63A6BCD0C6F} = {D126048F-5089-402A-8BB6-795C96E9F838}
		{59AF8005-FDA1-4110-9090-B5D81550604E} = {A29FB72D-4F87-41CC-ADBD-0980CE339172}
		{68A9AD49-6B2A-48C8-A297-579ECE561765} = {A29FB72D-4F87-41CC-ADBD-0980CE339172}
		{B8505A60-63BE-4ED0-8407-061D20E32488} = {A29FB72D-4F87-41CC-ADBD-0980CE339172}
		{27563B82-9BD5-4866-BE5D-9CCD70D53491} = {1C684018-A1F9-41E2-9193-0BFF45D2E4A7}
		{E37AD0E9-9862-4CFF-9667-A276901CE555} = {27563B82-9BD5-4866-BE5D-9CCD70D53491}
		{BBB4FD96-4906-4196-AED8-D33361D5A77C} = {27563B82-9BD5-4866-BE5D-9CCD70D53491}
		{1F489491-62A3-4FFD-BF06-920A6961A0C7} = {DFA165E1-7CAA-4191-BAEF-53288E315918}
		{4D02D7C7-FBB1-41A9-830D-8C49570CB448} = {DFA165E1-7CAA-4191-BAEF-53288E315918}
		{B1E52E5E-E095-4B59-B16F-DBC3EA42A520} = {DFA165E1-7CAA-4191-BAEF-53288E315918}
		{E64E2B70-897E-4D82-9162-D8B08998FFB1} = {7D729B3E-169A-4180-9773-19A99A1CDC66}
		{62EECF6C-4CF2-44CD-85AB-C60AE3BCEF04} = {7D729B3E-169A-4180-9773-19A99A1CDC66}
		{86CB75ED-2598-4DFC-B8C3-3F9CD169B126} = {D126048F-5089-402A-8BB6-795C96E9F838}
		{275DCB5B-2F5E-49BC-B596-8074F3CB4CF4} = {D126048F-5089-402A-8BB6-795C96E9F838}
		{352F31D4-A8C1-493D-AC94-B99D9E371D95} = {86CB75ED-2598-4DFC-B8C3-3F9CD169B126}
		{B0988CC9-DF41-4C29-9CF3-1AE38BDC7F2F} = {86CB75ED-2598-4DFC-B8C3-3F9CD169B126}
		{236531E7-8F70-4C37-99EB-DACBBC010C61} = {86CB75ED-2598-4DFC-B8C3-3F9CD169B126}
		{33B8934B-2337-419E-8481-E5A69D03C61E} = {86CB75ED-2598-4DFC-B8C3-3F9CD169B126}
		{6C60726C-7621-4E7B-820C-9ECA6E2B9032} = {D126048F-5089-402A-8BB6-795C96E9F838}
		{6745447C-0F59-4E84-88E9-4BAC3BA380DF} = {86CB75ED-2598-4DFC-B8C3-3F9CD169B126}
		{42266693-3F34-4407-99D6-CA4700ECC1B7} = {86CB75ED-2598-4DFC-B8C3-3F9CD169B126}
		{F6AB7418-B705-4BE3-9E03-C7CEEF4E3B13} = {86CB75ED-2598-4DFC-B8C3-3F9CD169B126}
		{B00BBCD8-24D9-40A1-8781-A30A8D08256F} = {D126048F-5089-402A-8BB6-795C96E9F838}
		{321196F0-9E69-4D2A-AB95-F272C78E9D28} = {86CB75ED-2598-4DFC-B8C3-3F9CD169B126}
		{66E98966-657A-4CC0-B490-E1977E7E6D04} = {86CB75ED-2598-4DFC-B8C3-3F9CD169B126}
		{48E42128-F985-4B49-A207-BFCD83E5404A} = {86CB75ED-2598-4DFC-B8C3-3F9CD169B126}
		{FBAA5E6E-4F89-4E1D-B768-CE2FB171F06C} = {86CB75ED-2598-4DFC-B8C3-3F9CD169B126}
		{349DF8DC-44A3-47F5-B0D2-4A150DA0034A} = {86CB75ED-2598-4DFC-B8C3-3F9CD169B126}
		{6C32861C-59C0-477F-AF89-830293B718C4} = {86CB75ED-2598-4DFC-B8C3-3F9CD169B126}
		{DD2D9E1E-573F-4435-97D3-3E9C2CCEB9DF} = {86CB75ED-2598-4DFC-B8C3-3F9CD169B126}
		{1F63E713-4DBA-4460-B073-602C6E71DA3D} = {275DCB5B-2F5E-49BC-B596-8074F3CB4CF4}
		{5F029BFC-23C6-4986-A7AF-80ACC8600F87} = {275DCB5B-2F5E-49BC-B596-8074F3CB4CF4}
		{7B273ABF-2A52-45AD-A4E9-391A0CD37B38} = {D126048F-5089-402A-8BB6-795C96E9F838}
		{3B834FCA-8F44-4A0F-B981-354F925530D4} = {275DCB5B-2F5E-49BC-B596-8074F3CB4CF4}
		{CF614B94-5831-4830-B4EF-4343546E1878} = {86CB75ED-2598-4DFC-B8C3-3F9CD169B126}
		{0E696D40-B09C-4EE0-A049-D2650D90F65C} = {745CA58E-485E-4C54-9098-25F2ED4E0315}
		{34523D5F-6A3F-4C17-B321-7C2098AE0FE8} = {745CA58E-485E-4C54-9098-25F2ED4E0315}
		{963CC185-ECDF-452E-9EDF-3E46F7E97412} = {86CB75ED-2598-4DFC-B8C3-3F9CD169B126}
		{910F42FB-F2B1-445E-AADC-CA775309B05C} = {86CB75ED-2598-4DFC-B8C3-3F9CD169B126}
		{01FBB894-5BF2-44D1-BBEE-98552DEFD069} = {1C684018-A1F9-41E2-9193-0BFF45D2E4A7}
		{27A37E70-F085-4D78-AED2-C7AB886CB928} = {01FBB894-5BF2-44D1-BBEE-98552DEFD069}
		{D228F641-1E51-4C6C-83F1-81C3B8042FED} = {01FBB894-5BF2-44D1-BBEE-98552DEFD069}
		{9FBB2C0A-C66B-448A-892D-D61A32D44125} = {21F07B8A-0B65-4548-842A-D69C5132B033}
		{36D96EE7-3920-4F5D-8497-D9D7BEC4FA0B} = {21F07B8A-0B65-4548-842A-D69C5132B033}
		{3B013E7C-E36B-458C-A4D6-3246C0455CD8} = {21F07B8A-0B65-4548-842A-D69C5132B033}
		{5487ADB0-7588-4CE1-8975-9D81003BE824} = {9FBB2C0A-C66B-448A-892D-D61A32D44125}
		{9356A424-818A-4F4F-A636-80726082BB6E} = {36D96EE7-3920-4F5D-8497-D9D7BEC4FA0B}
		{852C0450-4DD0-4FAB-9268-7817BBA1650D} = {3B013E7C-E36B-458C-A4D6-3246C0455CD8}
		{9A94D688-380A-4179-9867-CE3497969B40} = {21F07B8A-0B65-4548-842A-D69C5132B033}
		{9D22113B-BE56-4E69-9675-F8E8C7BD9526} = {9A94D688-380A-4179-9867-CE3497969B40}
		{8C8397C1-3E51-4F1C-BAAE-FDE344DC5A58} = {21F07B8A-0B65-4548-842A-D69C5132B033}
		{BD51CF6A-EA25-47D2-8C92-C2B03EEBC77D} = {8C8397C1-3E51-4F1C-BAAE-FDE344DC5A58}
		{A7244BD9-FBEB-4DE7-9E44-41B63137BC06} = {21F07B8A-0B65-4548-842A-D69C5132B033}
		{DD1F0D81-269D-45A1-827E-4885675D999A} = {A7244BD9-FBEB-4DE7-9E44-41B63137BC06}
		{630BFA0C-0ED2-4BAC-A1D7-56E18836D497} = {86CB75ED-2598-4DFC-B8C3-3F9CD169B126}
		{BF71D5A0-0DED-4F17-8BA0-BB51EDC4FEC3} = {86CB75ED-2598-4DFC-B8C3-3F9CD169B126}
		{B30C3761-20BB-4FDD-8C0E-C079F0F1C81B} = {86CB75ED-2598-4DFC-B8C3-3F9CD169B126}
		{FD515FCC-1C24-43A1-BEE2-1F5A18C32A99} = {86CB75ED-2598-4DFC-B8C3-3F9CD169B126}
	EndGlobalSection
	GlobalSection(ExtensibilityGlobals) = postSolution
		SolutionGuid = {21931976-D091-46E5-A4E3-F3BA29D6DB9C}
	EndGlobalSection
EndGlobal
